// !$*UTF8*$!
{
	archiveVersion = 1;
	classes = {
	};
	objectVersion = 46;
	objects = {

/* Begin PBXBuildFile section */
		D1089F651D711E85003E9FF2 /* ShareSDK.framework in Frameworks */ = {isa = PBXBuildFile; fileRef = D1089F571D711E85003E9FF2 /* ShareSDK.framework */; };
		D1089F661D711E85003E9FF2 /* ShareSDKExtension.framework in Frameworks */ = {isa = PBXBuildFile; fileRef = D1089F5A1D711E85003E9FF2 /* ShareSDKExtension.framework */; };
		D1089F671D711E85003E9FF2 /* ShareSDKUI.bundle in Resources */ = {isa = PBXBuildFile; fileRef = D1089F5B1D711E85003E9FF2 /* ShareSDKUI.bundle */; };
		D1089F681D711E85003E9FF2 /* ShareSDKUI.framework in Frameworks */ = {isa = PBXBuildFile; fileRef = D1089F5C1D711E85003E9FF2 /* ShareSDKUI.framework */; };
		D1089F691D711E85003E9FF2 /* TencentOpenAPI.framework in Frameworks */ = {isa = PBXBuildFile; fileRef = D1089F5F1D711E85003E9FF2 /* TencentOpenAPI.framework */; };
		D1089F6A1D711E85003E9FF2 /* TencentOpenApi_IOS_Bundle.bundle in Resources */ = {isa = PBXBuildFile; fileRef = D1089F601D711E85003E9FF2 /* TencentOpenApi_IOS_Bundle.bundle */; };
		D1089F6B1D711E85003E9FF2 /* MOBFoundation.framework in Frameworks */ = {isa = PBXBuildFile; fileRef = D1089F621D711E85003E9FF2 /* MOBFoundation.framework */; };
		D1089F6C1D711E85003E9FF2 /* ShareSDK.bundle in Resources */ = {isa = PBXBuildFile; fileRef = D1089F631D711E85003E9FF2 /* ShareSDK.bundle */; };
		D1089F6D1D711E85003E9FF2 /* ShareSDKConnector.framework in Frameworks */ = {isa = PBXBuildFile; fileRef = D1089F641D711E85003E9FF2 /* ShareSDKConnector.framework */; };
		D1089F711D71421A003E9FF2 /* FTPopOverMenu.m in Sources */ = {isa = PBXBuildFile; fileRef = D1089F701D71421A003E9FF2 /* FTPopOverMenu.m */; };
		D11E7BAF1D6E9FDA001C2562 /* SettingCell.m in Sources */ = {isa = PBXBuildFile; fileRef = D11E7BAE1D6E9FDA001C2562 /* SettingCell.m */; };
		D131E26C1D6C43E40044CF09 /* HRTabBarButton.m in Sources */ = {isa = PBXBuildFile; fileRef = D131E26B1D6C43E40044CF09 /* HRTabBarButton.m */; };
		D131E2871D6C6C460044CF09 /* HRNavigationBar.m in Sources */ = {isa = PBXBuildFile; fileRef = D131E2861D6C6C460044CF09 /* HRNavigationBar.m */; };
		D131E28B1D6C77DF0044CF09 /* ForgetController.m in Sources */ = {isa = PBXBuildFile; fileRef = D131E28A1D6C77DF0044CF09 /* ForgetController.m */; };
		D131E28E1D6C7F390044CF09 /* NSObject+Util.m in Sources */ = {isa = PBXBuildFile; fileRef = D131E28D1D6C7F390044CF09 /* NSObject+Util.m */; };
		D131E2931D6D4D4A0044CF09 /* AFHTTPSessionManager+Util.m in Sources */ = {isa = PBXBuildFile; fileRef = D131E2901D6D4D4A0044CF09 /* AFHTTPSessionManager+Util.m */; };
		D131E2941D6D4D4A0044CF09 /* AFNJSONResponseSerializerWithData.m in Sources */ = {isa = PBXBuildFile; fileRef = D131E2921D6D4D4A0044CF09 /* AFNJSONResponseSerializerWithData.m */; };
		D131E2971D6D51F30044CF09 /* NSString+Util.m in Sources */ = {isa = PBXBuildFile; fileRef = D131E2961D6D51F30044CF09 /* NSString+Util.m */; };
		D131E29A1D6D860B0044CF09 /* QRTools.m in Sources */ = {isa = PBXBuildFile; fileRef = D131E2991D6D860B0044CF09 /* QRTools.m */; };
		D131E2A61D6D86290044CF09 /* backWhite@2x.png in Resources */ = {isa = PBXBuildFile; fileRef = D131E29C1D6D86290044CF09 /* backWhite@2x.png */; };
		D131E2A71D6D86290044CF09 /* Default-568h@3x-1.png in Resources */ = {isa = PBXBuildFile; fileRef = D131E29D1D6D86290044CF09 /* Default-568h@3x-1.png */; };
		D131E2A81D6D86290044CF09 /* instructions.rtf in Resources */ = {isa = PBXBuildFile; fileRef = D131E29E1D6D86290044CF09 /* instructions.rtf */; };
		D131E2A91D6D86290044CF09 /* QRCodeController.m in Sources */ = {isa = PBXBuildFile; fileRef = D131E2A01D6D86290044CF09 /* QRCodeController.m */; };
		D131E2AB1D6D86290044CF09 /* Scanning frame@2x.png in Resources */ = {isa = PBXBuildFile; fileRef = D131E2A31D6D86290044CF09 /* Scanning frame@2x.png */; };
		D131E2AC1D6D86290044CF09 /* Scanning line@2x.png in Resources */ = {isa = PBXBuildFile; fileRef = D131E2A41D6D86290044CF09 /* Scanning line@2x.png */; };
		D131E2AD1D6D86290044CF09 /* whiteBack@2x.png in Resources */ = {isa = PBXBuildFile; fileRef = D131E2A51D6D86290044CF09 /* whiteBack@2x.png */; };
		D131E2B11D6DD98D0044CF09 /* ManualController.m in Sources */ = {isa = PBXBuildFile; fileRef = D131E2AF1D6DD98D0044CF09 /* ManualController.m */; };
		D131E2B21D6DD98D0044CF09 /* ManualController.xib in Resources */ = {isa = PBXBuildFile; fileRef = D131E2B01D6DD98D0044CF09 /* ManualController.xib */; };
		D15FBF801D706DCF005BA85D /* DeviceListCell.m in Sources */ = {isa = PBXBuildFile; fileRef = D15FBF7F1D706DCF005BA85D /* DeviceListCell.m */; };
		D1616AD01D70245B0073AEF4 /* YRCoverFlowLayout.m in Sources */ = {isa = PBXBuildFile; fileRef = D1616ACF1D70245B0073AEF4 /* YRCoverFlowLayout.m */; };
		D1616AD31D7024690073AEF4 /* PhotoModel.m in Sources */ = {isa = PBXBuildFile; fileRef = D1616AD21D7024690073AEF4 /* PhotoModel.m */; };
		D1616AD61D7024740073AEF4 /* CustomCollectionViewCollectionViewCell.m in Sources */ = {isa = PBXBuildFile; fileRef = D1616AD51D7024740073AEF4 /* CustomCollectionViewCollectionViewCell.m */; };
		D17CF0F11D6567E7007C95DD /* main.m in Sources */ = {isa = PBXBuildFile; fileRef = D17CF0F01D6567E7007C95DD /* main.m */; };
		D17CF0F41D6567E7007C95DD /* AppDelegate.m in Sources */ = {isa = PBXBuildFile; fileRef = D17CF0F31D6567E7007C95DD /* AppDelegate.m */; };
		D17CF0FA1D6567E7007C95DD /* Main.storyboard in Resources */ = {isa = PBXBuildFile; fileRef = D17CF0F81D6567E7007C95DD /* Main.storyboard */; };
		D17CF0FC1D6567E7007C95DD /* Assets.xcassets in Resources */ = {isa = PBXBuildFile; fileRef = D17CF0FB1D6567E7007C95DD /* Assets.xcassets */; };
		D17CF0FF1D6567E7007C95DD /* LaunchScreen.storyboard in Resources */ = {isa = PBXBuildFile; fileRef = D17CF0FD1D6567E7007C95DD /* LaunchScreen.storyboard */; };
		D17CF10A1D6567E7007C95DD /* herolifeTests.m in Sources */ = {isa = PBXBuildFile; fileRef = D17CF1091D6567E7007C95DD /* herolifeTests.m */; };
		D17CF1151D6567E7007C95DD /* herolifeUITests.m in Sources */ = {isa = PBXBuildFile; fileRef = D17CF1141D6567E7007C95DD /* herolifeUITests.m */; };
		D17CF2341D658AF6007C95DD /* HRConst.m in Sources */ = {isa = PBXBuildFile; fileRef = D17CF1F11D658AF6007C95DD /* HRConst.m */; };
		D17CF2FF1D6594C3007C95DD /* LoginController.m in Sources */ = {isa = PBXBuildFile; fileRef = D17CF2FD1D6594C3007C95DD /* LoginController.m */; };
		D17CF30E1D65AC62007C95DD /* DeviceListController.m in Sources */ = {isa = PBXBuildFile; fileRef = D17CF30C1D65AC62007C95DD /* DeviceListController.m */; };
		D17CF3131D65AC7E007C95DD /* SettingController.m in Sources */ = {isa = PBXBuildFile; fileRef = D17CF3111D65AC7E007C95DD /* SettingController.m */; };
		D17CF3141D65AC7E007C95DD /* SettingController.xib in Resources */ = {isa = PBXBuildFile; fileRef = D17CF3121D65AC7E007C95DD /* SettingController.xib */; };
		D17CF3181D65ACB9007C95DD /* QRcodeController.m in Sources */ = {isa = PBXBuildFile; fileRef = D17CF3161D65ACB9007C95DD /* QRcodeController.m */; };
		D17CF3191D65ACB9007C95DD /* QRcodeController.xib in Resources */ = {isa = PBXBuildFile; fileRef = D17CF3171D65ACB9007C95DD /* QRcodeController.xib */; };
		D1940DCF1D6AF72400A262EC /* libicucore.tbd in Frameworks */ = {isa = PBXBuildFile; fileRef = D1940DCE1D6AF72400A262EC /* libicucore.tbd */; };
		D1940DD11D6AF73300A262EC /* libz.tbd in Frameworks */ = {isa = PBXBuildFile; fileRef = D1940DD01D6AF73300A262EC /* libz.tbd */; };
		D1940DD31D6AF73C00A262EC /* libstdc++.tbd in Frameworks */ = {isa = PBXBuildFile; fileRef = D1940DD21D6AF73C00A262EC /* libstdc++.tbd */; };
		D1940DD51D6AF74A00A262EC /* JavaScriptCore.framework in Frameworks */ = {isa = PBXBuildFile; fileRef = D1940DD41D6AF74A00A262EC /* JavaScriptCore.framework */; };
		D1940DD71D6AF76400A262EC /* libsqlite3.tbd in Frameworks */ = {isa = PBXBuildFile; fileRef = D1940DD61D6AF76400A262EC /* libsqlite3.tbd */; };
		D1940DDC1D6B00B000A262EC /* InputText.m in Sources */ = {isa = PBXBuildFile; fileRef = D1940DD91D6B00B000A262EC /* InputText.m */; };
		D1940DDD1D6B00B000A262EC /* UIView+XD.m in Sources */ = {isa = PBXBuildFile; fileRef = D1940DDB1D6B00B000A262EC /* UIView+XD.m */; };
		D1940E301D6BFAFA00A262EC /* MKAnnotationView+WebCache.m in Sources */ = {isa = PBXBuildFile; fileRef = D1940E101D6BFAFA00A262EC /* MKAnnotationView+WebCache.m */; };
		D1940E311D6BFAFA00A262EC /* NSData+ImageContentType.m in Sources */ = {isa = PBXBuildFile; fileRef = D1940E121D6BFAFA00A262EC /* NSData+ImageContentType.m */; };
		D1940E321D6BFAFA00A262EC /* SDImageCache.m in Sources */ = {isa = PBXBuildFile; fileRef = D1940E141D6BFAFA00A262EC /* SDImageCache.m */; };
		D1940E331D6BFAFA00A262EC /* SDWebImageCompat.m in Sources */ = {isa = PBXBuildFile; fileRef = D1940E161D6BFAFA00A262EC /* SDWebImageCompat.m */; };
		D1940E341D6BFAFA00A262EC /* SDWebImageDecoder.m in Sources */ = {isa = PBXBuildFile; fileRef = D1940E181D6BFAFA00A262EC /* SDWebImageDecoder.m */; };
		D1940E351D6BFAFA00A262EC /* SDWebImageDownloader.m in Sources */ = {isa = PBXBuildFile; fileRef = D1940E1A1D6BFAFA00A262EC /* SDWebImageDownloader.m */; };
		D1940E361D6BFAFA00A262EC /* SDWebImageDownloaderOperation.m in Sources */ = {isa = PBXBuildFile; fileRef = D1940E1C1D6BFAFA00A262EC /* SDWebImageDownloaderOperation.m */; };
		D1940E371D6BFAFA00A262EC /* SDWebImageManager.m in Sources */ = {isa = PBXBuildFile; fileRef = D1940E1E1D6BFAFA00A262EC /* SDWebImageManager.m */; };
		D1940E381D6BFAFA00A262EC /* SDWebImagePrefetcher.m in Sources */ = {isa = PBXBuildFile; fileRef = D1940E211D6BFAFA00A262EC /* SDWebImagePrefetcher.m */; };
		D1940E391D6BFAFA00A262EC /* UIButton+WebCache.m in Sources */ = {isa = PBXBuildFile; fileRef = D1940E231D6BFAFA00A262EC /* UIButton+WebCache.m */; };
		D1940E3A1D6BFAFA00A262EC /* UIImage+GIF.m in Sources */ = {isa = PBXBuildFile; fileRef = D1940E251D6BFAFA00A262EC /* UIImage+GIF.m */; };
		D1940E3B1D6BFAFA00A262EC /* UIImage+MultiFormat.m in Sources */ = {isa = PBXBuildFile; fileRef = D1940E271D6BFAFA00A262EC /* UIImage+MultiFormat.m */; };
		D1940E3C1D6BFAFA00A262EC /* UIImage+WebP.m in Sources */ = {isa = PBXBuildFile; fileRef = D1940E291D6BFAFA00A262EC /* UIImage+WebP.m */; };
		D1940E3D1D6BFAFA00A262EC /* UIImageView+HighlightedWebCache.m in Sources */ = {isa = PBXBuildFile; fileRef = D1940E2B1D6BFAFA00A262EC /* UIImageView+HighlightedWebCache.m */; };
		D1940E3E1D6BFAFA00A262EC /* UIImageView+WebCache.m in Sources */ = {isa = PBXBuildFile; fileRef = D1940E2D1D6BFAFA00A262EC /* UIImageView+WebCache.m */; };
		D1940E3F1D6BFAFA00A262EC /* UIView+WebCacheOperation.m in Sources */ = {isa = PBXBuildFile; fileRef = D1940E2F1D6BFAFA00A262EC /* UIView+WebCacheOperation.m */; };
		D1940E421D6C3C4200A262EC /* HRTabBar.m in Sources */ = {isa = PBXBuildFile; fileRef = D1940E411D6C3C4200A262EC /* HRTabBar.m */; };
		D1B5C5621D65D799006E9BF2 /* HRTabBarViewController.m in Sources */ = {isa = PBXBuildFile; fileRef = D1B5C5611D65D799006E9BF2 /* HRTabBarViewController.m */; };
		D1B5C5651D65D84F006E9BF2 /* HRNavigationViewController.m in Sources */ = {isa = PBXBuildFile; fileRef = D1B5C5641D65D84F006E9BF2 /* HRNavigationViewController.m */; };
		D1D407741D66AF94007A9E5E /* RegisterViewController.m in Sources */ = {isa = PBXBuildFile; fileRef = D1D407701D66AF94007A9E5E /* RegisterViewController.m */; };
		D1D407781D66B23F007A9E5E /* SVProgressTool.m in Sources */ = {isa = PBXBuildFile; fileRef = D1D407771D66B23F007A9E5E /* SVProgressTool.m */; };
		D1D4077F1D66B718007A9E5E /* UIView+HRExtension.m in Sources */ = {isa = PBXBuildFile; fileRef = D1D4077E1D66B718007A9E5E /* UIView+HRExtension.m */; };
		DAE2A790C81C0FDB9C617E84 /* libPods.a in Frameworks */ = {isa = PBXBuildFile; fileRef = DC40F28764523F49428DB0CE /* libPods.a */; };
/* End PBXBuildFile section */

/* Begin PBXContainerItemProxy section */
		D17CF1061D6567E7007C95DD /* PBXContainerItemProxy */ = {
			isa = PBXContainerItemProxy;
			containerPortal = D17CF0E41D6567E7007C95DD /* Project object */;
			proxyType = 1;
			remoteGlobalIDString = D17CF0EB1D6567E7007C95DD;
			remoteInfo = herolife;
		};
		D17CF1111D6567E7007C95DD /* PBXContainerItemProxy */ = {
			isa = PBXContainerItemProxy;
			containerPortal = D17CF0E41D6567E7007C95DD /* Project object */;
			proxyType = 1;
			remoteGlobalIDString = D17CF0EB1D6567E7007C95DD;
			remoteInfo = herolife;
		};
/* End PBXContainerItemProxy section */

/* Begin PBXFileReference section */
		1665122F3D59E8EE8CCA6258 /* Pods.debug.xcconfig */ = {isa = PBXFileReference; includeInIndex = 1; lastKnownFileType = text.xcconfig; name = Pods.debug.xcconfig; path = "Pods/Target Support Files/Pods/Pods.debug.xcconfig"; sourceTree = "<group>"; };
		B1A28F2C2DAB37DA40A8D5EB /* Pods.release.xcconfig */ = {isa = PBXFileReference; includeInIndex = 1; lastKnownFileType = text.xcconfig; name = Pods.release.xcconfig; path = "Pods/Target Support Files/Pods/Pods.release.xcconfig"; sourceTree = "<group>"; };
		D1089F571D711E85003E9FF2 /* ShareSDK.framework */ = {isa = PBXFileReference; lastKnownFileType = wrapper.framework; path = ShareSDK.framework; sourceTree = "<group>"; };
		D1089F5A1D711E85003E9FF2 /* ShareSDKExtension.framework */ = {isa = PBXFileReference; lastKnownFileType = wrapper.framework; path = ShareSDKExtension.framework; sourceTree = "<group>"; };
		D1089F5B1D711E85003E9FF2 /* ShareSDKUI.bundle */ = {isa = PBXFileReference; lastKnownFileType = "wrapper.plug-in"; path = ShareSDKUI.bundle; sourceTree = "<group>"; };
		D1089F5C1D711E85003E9FF2 /* ShareSDKUI.framework */ = {isa = PBXFileReference; lastKnownFileType = wrapper.framework; path = ShareSDKUI.framework; sourceTree = "<group>"; };
		D1089F5F1D711E85003E9FF2 /* TencentOpenAPI.framework */ = {isa = PBXFileReference; lastKnownFileType = wrapper.framework; path = TencentOpenAPI.framework; sourceTree = "<group>"; };
		D1089F601D711E85003E9FF2 /* TencentOpenApi_IOS_Bundle.bundle */ = {isa = PBXFileReference; lastKnownFileType = "wrapper.plug-in"; path = TencentOpenApi_IOS_Bundle.bundle; sourceTree = "<group>"; };
		D1089F621D711E85003E9FF2 /* MOBFoundation.framework */ = {isa = PBXFileReference; lastKnownFileType = wrapper.framework; path = MOBFoundation.framework; sourceTree = "<group>"; };
		D1089F631D711E85003E9FF2 /* ShareSDK.bundle */ = {isa = PBXFileReference; lastKnownFileType = "wrapper.plug-in"; path = ShareSDK.bundle; sourceTree = "<group>"; };
		D1089F641D711E85003E9FF2 /* ShareSDKConnector.framework */ = {isa = PBXFileReference; lastKnownFileType = wrapper.framework; path = ShareSDKConnector.framework; sourceTree = "<group>"; };
		D1089F6F1D71421A003E9FF2 /* FTPopOverMenu.h */ = {isa = PBXFileReference; fileEncoding = 4; lastKnownFileType = sourcecode.c.h; path = FTPopOverMenu.h; sourceTree = "<group>"; };
		D1089F701D71421A003E9FF2 /* FTPopOverMenu.m */ = {isa = PBXFileReference; fileEncoding = 4; lastKnownFileType = sourcecode.c.objc; path = FTPopOverMenu.m; sourceTree = "<group>"; };
		D11E7BAD1D6E9FDA001C2562 /* SettingCell.h */ = {isa = PBXFileReference; fileEncoding = 4; lastKnownFileType = sourcecode.c.h; path = SettingCell.h; sourceTree = "<group>"; };
		D11E7BAE1D6E9FDA001C2562 /* SettingCell.m */ = {isa = PBXFileReference; fileEncoding = 4; lastKnownFileType = sourcecode.c.objc; path = SettingCell.m; sourceTree = "<group>"; };
		D131E26A1D6C43E40044CF09 /* HRTabBarButton.h */ = {isa = PBXFileReference; fileEncoding = 4; lastKnownFileType = sourcecode.c.h; name = HRTabBarButton.h; path = ../Controller/HRTabBarButton.h; sourceTree = "<group>"; };
		D131E26B1D6C43E40044CF09 /* HRTabBarButton.m */ = {isa = PBXFileReference; fileEncoding = 4; lastKnownFileType = sourcecode.c.objc; name = HRTabBarButton.m; path = ../Controller/HRTabBarButton.m; sourceTree = "<group>"; };
		D131E2851D6C6C460044CF09 /* HRNavigationBar.h */ = {isa = PBXFileReference; fileEncoding = 4; lastKnownFileType = sourcecode.c.h; name = HRNavigationBar.h; path = ../Controller/HRNavigationBar.h; sourceTree = "<group>"; };
		D131E2861D6C6C460044CF09 /* HRNavigationBar.m */ = {isa = PBXFileReference; fileEncoding = 4; lastKnownFileType = sourcecode.c.objc; name = HRNavigationBar.m; path = ../Controller/HRNavigationBar.m; sourceTree = "<group>"; };
		D131E2891D6C77DF0044CF09 /* ForgetController.h */ = {isa = PBXFileReference; fileEncoding = 4; lastKnownFileType = sourcecode.c.h; path = ForgetController.h; sourceTree = "<group>"; };
		D131E28A1D6C77DF0044CF09 /* ForgetController.m */ = {isa = PBXFileReference; fileEncoding = 4; lastKnownFileType = sourcecode.c.objc; path = ForgetController.m; sourceTree = "<group>"; };
		D131E28C1D6C7F390044CF09 /* NSObject+Util.h */ = {isa = PBXFileReference; fileEncoding = 4; lastKnownFileType = sourcecode.c.h; path = "NSObject+Util.h"; sourceTree = "<group>"; };
		D131E28D1D6C7F390044CF09 /* NSObject+Util.m */ = {isa = PBXFileReference; fileEncoding = 4; lastKnownFileType = sourcecode.c.objc; path = "NSObject+Util.m"; sourceTree = "<group>"; };
		D131E28F1D6D4D4A0044CF09 /* AFHTTPSessionManager+Util.h */ = {isa = PBXFileReference; fileEncoding = 4; lastKnownFileType = sourcecode.c.h; path = "AFHTTPSessionManager+Util.h"; sourceTree = "<group>"; };
		D131E2901D6D4D4A0044CF09 /* AFHTTPSessionManager+Util.m */ = {isa = PBXFileReference; fileEncoding = 4; lastKnownFileType = sourcecode.c.objc; path = "AFHTTPSessionManager+Util.m"; sourceTree = "<group>"; };
		D131E2911D6D4D4A0044CF09 /* AFNJSONResponseSerializerWithData.h */ = {isa = PBXFileReference; fileEncoding = 4; lastKnownFileType = sourcecode.c.h; path = AFNJSONResponseSerializerWithData.h; sourceTree = "<group>"; };
		D131E2921D6D4D4A0044CF09 /* AFNJSONResponseSerializerWithData.m */ = {isa = PBXFileReference; fileEncoding = 4; lastKnownFileType = sourcecode.c.objc; path = AFNJSONResponseSerializerWithData.m; sourceTree = "<group>"; };
		D131E2951D6D51F30044CF09 /* NSString+Util.h */ = {isa = PBXFileReference; fileEncoding = 4; lastKnownFileType = sourcecode.c.h; path = "NSString+Util.h"; sourceTree = "<group>"; };
		D131E2961D6D51F30044CF09 /* NSString+Util.m */ = {isa = PBXFileReference; fileEncoding = 4; lastKnownFileType = sourcecode.c.objc; path = "NSString+Util.m"; sourceTree = "<group>"; };
		D131E2981D6D860B0044CF09 /* QRTools.h */ = {isa = PBXFileReference; fileEncoding = 4; lastKnownFileType = sourcecode.c.h; path = QRTools.h; sourceTree = "<group>"; };
		D131E2991D6D860B0044CF09 /* QRTools.m */ = {isa = PBXFileReference; fileEncoding = 4; lastKnownFileType = sourcecode.c.objc; path = QRTools.m; sourceTree = "<group>"; };
		D131E29C1D6D86290044CF09 /* backWhite@2x.png */ = {isa = PBXFileReference; lastKnownFileType = image.png; path = "backWhite@2x.png"; sourceTree = "<group>"; };
		D131E29D1D6D86290044CF09 /* Default-568h@3x-1.png */ = {isa = PBXFileReference; lastKnownFileType = image.png; path = "Default-568h@3x-1.png"; sourceTree = "<group>"; };
		D131E29E1D6D86290044CF09 /* instructions.rtf */ = {isa = PBXFileReference; fileEncoding = 4; lastKnownFileType = text.rtf; path = instructions.rtf; sourceTree = "<group>"; };
		D131E29F1D6D86290044CF09 /* QRCodeController.h */ = {isa = PBXFileReference; fileEncoding = 4; lastKnownFileType = sourcecode.c.h; path = QRCodeController.h; sourceTree = "<group>"; };
		D131E2A01D6D86290044CF09 /* QRCodeController.m */ = {isa = PBXFileReference; fileEncoding = 4; lastKnownFileType = sourcecode.c.objc; path = QRCodeController.m; sourceTree = "<group>"; };
		D131E2A31D6D86290044CF09 /* Scanning frame@2x.png */ = {isa = PBXFileReference; lastKnownFileType = image.png; path = "Scanning frame@2x.png"; sourceTree = "<group>"; };
		D131E2A41D6D86290044CF09 /* Scanning line@2x.png */ = {isa = PBXFileReference; lastKnownFileType = image.png; path = "Scanning line@2x.png"; sourceTree = "<group>"; };
		D131E2A51D6D86290044CF09 /* whiteBack@2x.png */ = {isa = PBXFileReference; lastKnownFileType = image.png; path = "whiteBack@2x.png"; sourceTree = "<group>"; };
		D131E2AE1D6DD98D0044CF09 /* ManualController.h */ = {isa = PBXFileReference; fileEncoding = 4; lastKnownFileType = sourcecode.c.h; path = ManualController.h; sourceTree = "<group>"; };
		D131E2AF1D6DD98D0044CF09 /* ManualController.m */ = {isa = PBXFileReference; fileEncoding = 4; lastKnownFileType = sourcecode.c.objc; path = ManualController.m; sourceTree = "<group>"; };
		D131E2B01D6DD98D0044CF09 /* ManualController.xib */ = {isa = PBXFileReference; fileEncoding = 4; lastKnownFileType = file.xib; path = ManualController.xib; sourceTree = "<group>"; };
		D15FBF7E1D706DCF005BA85D /* DeviceListCell.h */ = {isa = PBXFileReference; fileEncoding = 4; lastKnownFileType = sourcecode.c.h; path = DeviceListCell.h; sourceTree = "<group>"; };
		D15FBF7F1D706DCF005BA85D /* DeviceListCell.m */ = {isa = PBXFileReference; fileEncoding = 4; lastKnownFileType = sourcecode.c.objc; path = DeviceListCell.m; sourceTree = "<group>"; };
		D1616ACE1D70245B0073AEF4 /* YRCoverFlowLayout.h */ = {isa = PBXFileReference; fileEncoding = 4; lastKnownFileType = sourcecode.c.h; path = YRCoverFlowLayout.h; sourceTree = "<group>"; };
		D1616ACF1D70245B0073AEF4 /* YRCoverFlowLayout.m */ = {isa = PBXFileReference; fileEncoding = 4; lastKnownFileType = sourcecode.c.objc; path = YRCoverFlowLayout.m; sourceTree = "<group>"; };
		D1616AD11D7024690073AEF4 /* PhotoModel.h */ = {isa = PBXFileReference; fileEncoding = 4; lastKnownFileType = sourcecode.c.h; path = PhotoModel.h; sourceTree = "<group>"; };
		D1616AD21D7024690073AEF4 /* PhotoModel.m */ = {isa = PBXFileReference; fileEncoding = 4; lastKnownFileType = sourcecode.c.objc; path = PhotoModel.m; sourceTree = "<group>"; };
		D1616AD41D7024740073AEF4 /* CustomCollectionViewCollectionViewCell.h */ = {isa = PBXFileReference; fileEncoding = 4; lastKnownFileType = sourcecode.c.h; path = CustomCollectionViewCollectionViewCell.h; sourceTree = "<group>"; };
		D1616AD51D7024740073AEF4 /* CustomCollectionViewCollectionViewCell.m */ = {isa = PBXFileReference; fileEncoding = 4; lastKnownFileType = sourcecode.c.objc; path = CustomCollectionViewCollectionViewCell.m; sourceTree = "<group>"; };
		D17CF0EC1D6567E7007C95DD /* herolife.app */ = {isa = PBXFileReference; explicitFileType = wrapper.application; includeInIndex = 0; path = herolife.app; sourceTree = BUILT_PRODUCTS_DIR; };
		D17CF0F01D6567E7007C95DD /* main.m */ = {isa = PBXFileReference; lastKnownFileType = sourcecode.c.objc; path = main.m; sourceTree = "<group>"; };
		D17CF0F21D6567E7007C95DD /* AppDelegate.h */ = {isa = PBXFileReference; lastKnownFileType = sourcecode.c.h; name = AppDelegate.h; path = ../../AppDelegate.h; sourceTree = "<group>"; };
		D17CF0F31D6567E7007C95DD /* AppDelegate.m */ = {isa = PBXFileReference; lastKnownFileType = sourcecode.c.objc; name = AppDelegate.m; path = ../../AppDelegate.m; sourceTree = "<group>"; };
		D17CF0F91D6567E7007C95DD /* Base */ = {isa = PBXFileReference; lastKnownFileType = file.storyboard; name = Base; path = Base.lproj/Main.storyboard; sourceTree = "<group>"; };
		D17CF0FB1D6567E7007C95DD /* Assets.xcassets */ = {isa = PBXFileReference; lastKnownFileType = folder.assetcatalog; path = Assets.xcassets; sourceTree = "<group>"; };
		D17CF0FE1D6567E7007C95DD /* Base */ = {isa = PBXFileReference; lastKnownFileType = file.storyboard; name = Base; path = Base.lproj/LaunchScreen.storyboard; sourceTree = "<group>"; };
		D17CF1001D6567E7007C95DD /* Info.plist */ = {isa = PBXFileReference; lastKnownFileType = text.plist.xml; path = Info.plist; sourceTree = "<group>"; };
		D17CF1051D6567E7007C95DD /* herolifeTests.xctest */ = {isa = PBXFileReference; explicitFileType = wrapper.cfbundle; includeInIndex = 0; path = herolifeTests.xctest; sourceTree = BUILT_PRODUCTS_DIR; };
		D17CF1091D6567E7007C95DD /* herolifeTests.m */ = {isa = PBXFileReference; lastKnownFileType = sourcecode.c.objc; path = herolifeTests.m; sourceTree = "<group>"; };
		D17CF10B1D6567E7007C95DD /* Info.plist */ = {isa = PBXFileReference; lastKnownFileType = text.plist.xml; path = Info.plist; sourceTree = "<group>"; };
		D17CF1101D6567E7007C95DD /* herolifeUITests.xctest */ = {isa = PBXFileReference; explicitFileType = wrapper.cfbundle; includeInIndex = 0; path = herolifeUITests.xctest; sourceTree = BUILT_PRODUCTS_DIR; };
		D17CF1141D6567E7007C95DD /* herolifeUITests.m */ = {isa = PBXFileReference; lastKnownFileType = sourcecode.c.objc; path = herolifeUITests.m; sourceTree = "<group>"; };
		D17CF1161D6567E7007C95DD /* Info.plist */ = {isa = PBXFileReference; lastKnownFileType = text.plist.xml; path = Info.plist; sourceTree = "<group>"; };
		D17CF1F01D658AF6007C95DD /* HRConst.h */ = {isa = PBXFileReference; fileEncoding = 4; lastKnownFileType = sourcecode.c.h; name = HRConst.h; path = ../HRConst.h; sourceTree = "<group>"; };
		D17CF1F11D658AF6007C95DD /* HRConst.m */ = {isa = PBXFileReference; fileEncoding = 4; lastKnownFileType = sourcecode.c.objc; name = HRConst.m; path = ../HRConst.m; sourceTree = "<group>"; };
		D17CF2FB1D658F9D007C95DD /* PrefixHeader.pch */ = {isa = PBXFileReference; lastKnownFileType = sourcecode.c.h; path = PrefixHeader.pch; sourceTree = "<group>"; };
		D17CF2FC1D6594C3007C95DD /* LoginController.h */ = {isa = PBXFileReference; fileEncoding = 4; lastKnownFileType = sourcecode.c.h; path = LoginController.h; sourceTree = "<group>"; };
		D17CF2FD1D6594C3007C95DD /* LoginController.m */ = {isa = PBXFileReference; fileEncoding = 4; lastKnownFileType = sourcecode.c.objc; path = LoginController.m; sourceTree = "<group>"; };
		D17CF30B1D65AC62007C95DD /* DeviceListController.h */ = {isa = PBXFileReference; fileEncoding = 4; lastKnownFileType = sourcecode.c.h; name = DeviceListController.h; path = ../DeviceListController.h; sourceTree = "<group>"; };
		D17CF30C1D65AC62007C95DD /* DeviceListController.m */ = {isa = PBXFileReference; fileEncoding = 4; lastKnownFileType = sourcecode.c.objc; name = DeviceListController.m; path = ../DeviceListController.m; sourceTree = "<group>"; };
		D17CF3101D65AC7E007C95DD /* SettingController.h */ = {isa = PBXFileReference; fileEncoding = 4; lastKnownFileType = sourcecode.c.h; path = SettingController.h; sourceTree = "<group>"; };
		D17CF3111D65AC7E007C95DD /* SettingController.m */ = {isa = PBXFileReference; fileEncoding = 4; lastKnownFileType = sourcecode.c.objc; path = SettingController.m; sourceTree = "<group>"; };
		D17CF3121D65AC7E007C95DD /* SettingController.xib */ = {isa = PBXFileReference; fileEncoding = 4; lastKnownFileType = file.xib; path = SettingController.xib; sourceTree = "<group>"; };
		D17CF3151D65ACB9007C95DD /* QRcodeController.h */ = {isa = PBXFileReference; fileEncoding = 4; lastKnownFileType = sourcecode.c.h; name = QRcodeController.h; path = ../QRcodeController.h; sourceTree = "<group>"; };
		D17CF3161D65ACB9007C95DD /* QRcodeController.m */ = {isa = PBXFileReference; fileEncoding = 4; lastKnownFileType = sourcecode.c.objc; name = QRcodeController.m; path = ../QRcodeController.m; sourceTree = "<group>"; };
		D17CF3171D65ACB9007C95DD /* QRcodeController.xib */ = {isa = PBXFileReference; fileEncoding = 4; lastKnownFileType = file.xib; name = QRcodeController.xib; path = ../QRcodeController.xib; sourceTree = "<group>"; };
		D1940DCE1D6AF72400A262EC /* libicucore.tbd */ = {isa = PBXFileReference; lastKnownFileType = "sourcecode.text-based-dylib-definition"; name = libicucore.tbd; path = usr/lib/libicucore.tbd; sourceTree = SDKROOT; };
		D1940DD01D6AF73300A262EC /* libz.tbd */ = {isa = PBXFileReference; lastKnownFileType = "sourcecode.text-based-dylib-definition"; name = libz.tbd; path = usr/lib/libz.tbd; sourceTree = SDKROOT; };
		D1940DD21D6AF73C00A262EC /* libstdc++.tbd */ = {isa = PBXFileReference; lastKnownFileType = "sourcecode.text-based-dylib-definition"; name = "libstdc++.tbd"; path = "usr/lib/libstdc++.tbd"; sourceTree = SDKROOT; };
		D1940DD41D6AF74A00A262EC /* JavaScriptCore.framework */ = {isa = PBXFileReference; lastKnownFileType = wrapper.framework; name = JavaScriptCore.framework; path = System/Library/Frameworks/JavaScriptCore.framework; sourceTree = SDKROOT; };
		D1940DD61D6AF76400A262EC /* libsqlite3.tbd */ = {isa = PBXFileReference; lastKnownFileType = "sourcecode.text-based-dylib-definition"; name = libsqlite3.tbd; path = usr/lib/libsqlite3.tbd; sourceTree = SDKROOT; };
		D1940DD81D6B00B000A262EC /* InputText.h */ = {isa = PBXFileReference; fileEncoding = 4; lastKnownFileType = sourcecode.c.h; name = InputText.h; path = "../../New-新帖/View/InputText.h"; sourceTree = "<group>"; };
		D1940DD91D6B00B000A262EC /* InputText.m */ = {isa = PBXFileReference; fileEncoding = 4; lastKnownFileType = sourcecode.c.objc; name = InputText.m; path = "../../New-新帖/View/InputText.m"; sourceTree = "<group>"; };
		D1940DDA1D6B00B000A262EC /* UIView+XD.h */ = {isa = PBXFileReference; fileEncoding = 4; lastKnownFileType = sourcecode.c.h; name = "UIView+XD.h"; path = "../../New-新帖/View/UIView+XD.h"; sourceTree = "<group>"; };
		D1940DDB1D6B00B000A262EC /* UIView+XD.m */ = {isa = PBXFileReference; fileEncoding = 4; lastKnownFileType = sourcecode.c.objc; name = "UIView+XD.m"; path = "../../New-新帖/View/UIView+XD.m"; sourceTree = "<group>"; };
		D1940E0F1D6BFAFA00A262EC /* MKAnnotationView+WebCache.h */ = {isa = PBXFileReference; fileEncoding = 4; lastKnownFileType = sourcecode.c.h; path = "MKAnnotationView+WebCache.h"; sourceTree = "<group>"; };
		D1940E101D6BFAFA00A262EC /* MKAnnotationView+WebCache.m */ = {isa = PBXFileReference; fileEncoding = 4; lastKnownFileType = sourcecode.c.objc; path = "MKAnnotationView+WebCache.m"; sourceTree = "<group>"; };
		D1940E111D6BFAFA00A262EC /* NSData+ImageContentType.h */ = {isa = PBXFileReference; fileEncoding = 4; lastKnownFileType = sourcecode.c.h; path = "NSData+ImageContentType.h"; sourceTree = "<group>"; };
		D1940E121D6BFAFA00A262EC /* NSData+ImageContentType.m */ = {isa = PBXFileReference; fileEncoding = 4; lastKnownFileType = sourcecode.c.objc; path = "NSData+ImageContentType.m"; sourceTree = "<group>"; };
		D1940E131D6BFAFA00A262EC /* SDImageCache.h */ = {isa = PBXFileReference; fileEncoding = 4; lastKnownFileType = sourcecode.c.h; path = SDImageCache.h; sourceTree = "<group>"; };
		D1940E141D6BFAFA00A262EC /* SDImageCache.m */ = {isa = PBXFileReference; fileEncoding = 4; lastKnownFileType = sourcecode.c.objc; path = SDImageCache.m; sourceTree = "<group>"; };
		D1940E151D6BFAFA00A262EC /* SDWebImageCompat.h */ = {isa = PBXFileReference; fileEncoding = 4; lastKnownFileType = sourcecode.c.h; path = SDWebImageCompat.h; sourceTree = "<group>"; };
		D1940E161D6BFAFA00A262EC /* SDWebImageCompat.m */ = {isa = PBXFileReference; fileEncoding = 4; lastKnownFileType = sourcecode.c.objc; path = SDWebImageCompat.m; sourceTree = "<group>"; };
		D1940E171D6BFAFA00A262EC /* SDWebImageDecoder.h */ = {isa = PBXFileReference; fileEncoding = 4; lastKnownFileType = sourcecode.c.h; path = SDWebImageDecoder.h; sourceTree = "<group>"; };
		D1940E181D6BFAFA00A262EC /* SDWebImageDecoder.m */ = {isa = PBXFileReference; fileEncoding = 4; lastKnownFileType = sourcecode.c.objc; path = SDWebImageDecoder.m; sourceTree = "<group>"; };
		D1940E191D6BFAFA00A262EC /* SDWebImageDownloader.h */ = {isa = PBXFileReference; fileEncoding = 4; lastKnownFileType = sourcecode.c.h; path = SDWebImageDownloader.h; sourceTree = "<group>"; };
		D1940E1A1D6BFAFA00A262EC /* SDWebImageDownloader.m */ = {isa = PBXFileReference; fileEncoding = 4; lastKnownFileType = sourcecode.c.objc; path = SDWebImageDownloader.m; sourceTree = "<group>"; };
		D1940E1B1D6BFAFA00A262EC /* SDWebImageDownloaderOperation.h */ = {isa = PBXFileReference; fileEncoding = 4; lastKnownFileType = sourcecode.c.h; path = SDWebImageDownloaderOperation.h; sourceTree = "<group>"; };
		D1940E1C1D6BFAFA00A262EC /* SDWebImageDownloaderOperation.m */ = {isa = PBXFileReference; fileEncoding = 4; lastKnownFileType = sourcecode.c.objc; path = SDWebImageDownloaderOperation.m; sourceTree = "<group>"; };
		D1940E1D1D6BFAFA00A262EC /* SDWebImageManager.h */ = {isa = PBXFileReference; fileEncoding = 4; lastKnownFileType = sourcecode.c.h; path = SDWebImageManager.h; sourceTree = "<group>"; };
		D1940E1E1D6BFAFA00A262EC /* SDWebImageManager.m */ = {isa = PBXFileReference; fileEncoding = 4; lastKnownFileType = sourcecode.c.objc; path = SDWebImageManager.m; sourceTree = "<group>"; };
		D1940E1F1D6BFAFA00A262EC /* SDWebImageOperation.h */ = {isa = PBXFileReference; fileEncoding = 4; lastKnownFileType = sourcecode.c.h; path = SDWebImageOperation.h; sourceTree = "<group>"; };
		D1940E201D6BFAFA00A262EC /* SDWebImagePrefetcher.h */ = {isa = PBXFileReference; fileEncoding = 4; lastKnownFileType = sourcecode.c.h; path = SDWebImagePrefetcher.h; sourceTree = "<group>"; };
		D1940E211D6BFAFA00A262EC /* SDWebImagePrefetcher.m */ = {isa = PBXFileReference; fileEncoding = 4; lastKnownFileType = sourcecode.c.objc; path = SDWebImagePrefetcher.m; sourceTree = "<group>"; };
		D1940E221D6BFAFA00A262EC /* UIButton+WebCache.h */ = {isa = PBXFileReference; fileEncoding = 4; lastKnownFileType = sourcecode.c.h; path = "UIButton+WebCache.h"; sourceTree = "<group>"; };
		D1940E231D6BFAFA00A262EC /* UIButton+WebCache.m */ = {isa = PBXFileReference; fileEncoding = 4; lastKnownFileType = sourcecode.c.objc; path = "UIButton+WebCache.m"; sourceTree = "<group>"; };
		D1940E241D6BFAFA00A262EC /* UIImage+GIF.h */ = {isa = PBXFileReference; fileEncoding = 4; lastKnownFileType = sourcecode.c.h; path = "UIImage+GIF.h"; sourceTree = "<group>"; };
		D1940E251D6BFAFA00A262EC /* UIImage+GIF.m */ = {isa = PBXFileReference; fileEncoding = 4; lastKnownFileType = sourcecode.c.objc; path = "UIImage+GIF.m"; sourceTree = "<group>"; };
		D1940E261D6BFAFA00A262EC /* UIImage+MultiFormat.h */ = {isa = PBXFileReference; fileEncoding = 4; lastKnownFileType = sourcecode.c.h; path = "UIImage+MultiFormat.h"; sourceTree = "<group>"; };
		D1940E271D6BFAFA00A262EC /* UIImage+MultiFormat.m */ = {isa = PBXFileReference; fileEncoding = 4; lastKnownFileType = sourcecode.c.objc; path = "UIImage+MultiFormat.m"; sourceTree = "<group>"; };
		D1940E281D6BFAFA00A262EC /* UIImage+WebP.h */ = {isa = PBXFileReference; fileEncoding = 4; lastKnownFileType = sourcecode.c.h; path = "UIImage+WebP.h"; sourceTree = "<group>"; };
		D1940E291D6BFAFA00A262EC /* UIImage+WebP.m */ = {isa = PBXFileReference; fileEncoding = 4; lastKnownFileType = sourcecode.c.objc; path = "UIImage+WebP.m"; sourceTree = "<group>"; };
		D1940E2A1D6BFAFA00A262EC /* UIImageView+HighlightedWebCache.h */ = {isa = PBXFileReference; fileEncoding = 4; lastKnownFileType = sourcecode.c.h; path = "UIImageView+HighlightedWebCache.h"; sourceTree = "<group>"; };
		D1940E2B1D6BFAFA00A262EC /* UIImageView+HighlightedWebCache.m */ = {isa = PBXFileReference; fileEncoding = 4; lastKnownFileType = sourcecode.c.objc; path = "UIImageView+HighlightedWebCache.m"; sourceTree = "<group>"; };
		D1940E2C1D6BFAFA00A262EC /* UIImageView+WebCache.h */ = {isa = PBXFileReference; fileEncoding = 4; lastKnownFileType = sourcecode.c.h; path = "UIImageView+WebCache.h"; sourceTree = "<group>"; };
		D1940E2D1D6BFAFA00A262EC /* UIImageView+WebCache.m */ = {isa = PBXFileReference; fileEncoding = 4; lastKnownFileType = sourcecode.c.objc; path = "UIImageView+WebCache.m"; sourceTree = "<group>"; };
		D1940E2E1D6BFAFA00A262EC /* UIView+WebCacheOperation.h */ = {isa = PBXFileReference; fileEncoding = 4; lastKnownFileType = sourcecode.c.h; path = "UIView+WebCacheOperation.h"; sourceTree = "<group>"; };
		D1940E2F1D6BFAFA00A262EC /* UIView+WebCacheOperation.m */ = {isa = PBXFileReference; fileEncoding = 4; lastKnownFileType = sourcecode.c.objc; path = "UIView+WebCacheOperation.m"; sourceTree = "<group>"; };
		D1940E401D6C3C4200A262EC /* HRTabBar.h */ = {isa = PBXFileReference; fileEncoding = 4; lastKnownFileType = sourcecode.c.h; name = HRTabBar.h; path = ../Controller/HRTabBar.h; sourceTree = "<group>"; };
		D1940E411D6C3C4200A262EC /* HRTabBar.m */ = {isa = PBXFileReference; fileEncoding = 4; lastKnownFileType = sourcecode.c.objc; name = HRTabBar.m; path = ../Controller/HRTabBar.m; sourceTree = "<group>"; };
		D1B5C5601D65D799006E9BF2 /* HRTabBarViewController.h */ = {isa = PBXFileReference; fileEncoding = 4; lastKnownFileType = sourcecode.c.h; path = HRTabBarViewController.h; sourceTree = "<group>"; };
		D1B5C5611D65D799006E9BF2 /* HRTabBarViewController.m */ = {isa = PBXFileReference; fileEncoding = 4; lastKnownFileType = sourcecode.c.objc; path = HRTabBarViewController.m; sourceTree = "<group>"; };
		D1B5C5631D65D84F006E9BF2 /* HRNavigationViewController.h */ = {isa = PBXFileReference; fileEncoding = 4; lastKnownFileType = sourcecode.c.h; path = HRNavigationViewController.h; sourceTree = "<group>"; };
		D1B5C5641D65D84F006E9BF2 /* HRNavigationViewController.m */ = {isa = PBXFileReference; fileEncoding = 4; lastKnownFileType = sourcecode.c.objc; path = HRNavigationViewController.m; sourceTree = "<group>"; };
		D1D4076F1D66AF94007A9E5E /* RegisterViewController.h */ = {isa = PBXFileReference; fileEncoding = 4; lastKnownFileType = sourcecode.c.h; path = RegisterViewController.h; sourceTree = "<group>"; };
		D1D407701D66AF94007A9E5E /* RegisterViewController.m */ = {isa = PBXFileReference; fileEncoding = 4; lastKnownFileType = sourcecode.c.objc; path = RegisterViewController.m; sourceTree = "<group>"; };
		D1D407761D66B23F007A9E5E /* SVProgressTool.h */ = {isa = PBXFileReference; fileEncoding = 4; lastKnownFileType = sourcecode.c.h; name = SVProgressTool.h; path = ../SVProgressTool.h; sourceTree = "<group>"; };
		D1D407771D66B23F007A9E5E /* SVProgressTool.m */ = {isa = PBXFileReference; fileEncoding = 4; lastKnownFileType = sourcecode.c.objc; name = SVProgressTool.m; path = ../SVProgressTool.m; sourceTree = "<group>"; };
		D1D4077D1D66B718007A9E5E /* UIView+HRExtension.h */ = {isa = PBXFileReference; fileEncoding = 4; lastKnownFileType = sourcecode.c.h; path = "UIView+HRExtension.h"; sourceTree = "<group>"; };
		D1D4077E1D66B718007A9E5E /* UIView+HRExtension.m */ = {isa = PBXFileReference; fileEncoding = 4; lastKnownFileType = sourcecode.c.objc; path = "UIView+HRExtension.m"; sourceTree = "<group>"; };
		DC40F28764523F49428DB0CE /* libPods.a */ = {isa = PBXFileReference; explicitFileType = archive.ar; includeInIndex = 0; path = libPods.a; sourceTree = BUILT_PRODUCTS_DIR; };
/* End PBXFileReference section */

/* Begin PBXFrameworksBuildPhase section */
		D17CF0E91D6567E7007C95DD /* Frameworks */ = {
			isa = PBXFrameworksBuildPhase;
			buildActionMask = 2147483647;
			files = (
				D1940DD71D6AF76400A262EC /* libsqlite3.tbd in Frameworks */,
				D1089F6B1D711E85003E9FF2 /* MOBFoundation.framework in Frameworks */,
				D1089F681D711E85003E9FF2 /* ShareSDKUI.framework in Frameworks */,
				D1089F661D711E85003E9FF2 /* ShareSDKExtension.framework in Frameworks */,
				D1940DD51D6AF74A00A262EC /* JavaScriptCore.framework in Frameworks */,
				D1089F651D711E85003E9FF2 /* ShareSDK.framework in Frameworks */,
				D1089F691D711E85003E9FF2 /* TencentOpenAPI.framework in Frameworks */,
				D1089F6D1D711E85003E9FF2 /* ShareSDKConnector.framework in Frameworks */,
				D1940DD31D6AF73C00A262EC /* libstdc++.tbd in Frameworks */,
				D1940DD11D6AF73300A262EC /* libz.tbd in Frameworks */,
				D1940DCF1D6AF72400A262EC /* libicucore.tbd in Frameworks */,
				DAE2A790C81C0FDB9C617E84 /* libPods.a in Frameworks */,
			);
			runOnlyForDeploymentPostprocessing = 0;
		};
		D17CF1021D6567E7007C95DD /* Frameworks */ = {
			isa = PBXFrameworksBuildPhase;
			buildActionMask = 2147483647;
			files = (
			);
			runOnlyForDeploymentPostprocessing = 0;
		};
		D17CF10D1D6567E7007C95DD /* Frameworks */ = {
			isa = PBXFrameworksBuildPhase;
			buildActionMask = 2147483647;
			files = (
			);
			runOnlyForDeploymentPostprocessing = 0;
		};
/* End PBXFrameworksBuildPhase section */

/* Begin PBXGroup section */
		D1089F561D711E85003E9FF2 /* ShareSDK  */ = {
			isa = PBXGroup;
			children = (
				D1089F571D711E85003E9FF2 /* ShareSDK.framework */,
				D1089F581D711E85003E9FF2 /* Support */,
			);
			path = "ShareSDK ";
			sourceTree = "<group>";
		};
		D1089F581D711E85003E9FF2 /* Support */ = {
			isa = PBXGroup;
			children = (
				D1089F591D711E85003E9FF2 /* Optional */,
				D1089F5D1D711E85003E9FF2 /* PlatformSDK */,
				D1089F611D711E85003E9FF2 /* Required */,
			);
			path = Support;
			sourceTree = "<group>";
		};
		D1089F591D711E85003E9FF2 /* Optional */ = {
			isa = PBXGroup;
			children = (
				D1089F5A1D711E85003E9FF2 /* ShareSDKExtension.framework */,
				D1089F5B1D711E85003E9FF2 /* ShareSDKUI.bundle */,
				D1089F5C1D711E85003E9FF2 /* ShareSDKUI.framework */,
			);
			path = Optional;
			sourceTree = "<group>";
		};
		D1089F5D1D711E85003E9FF2 /* PlatformSDK */ = {
			isa = PBXGroup;
			children = (
				D1089F5E1D711E85003E9FF2 /* QQSDK */,
			);
			path = PlatformSDK;
			sourceTree = "<group>";
		};
		D1089F5E1D711E85003E9FF2 /* QQSDK */ = {
			isa = PBXGroup;
			children = (
				D1089F5F1D711E85003E9FF2 /* TencentOpenAPI.framework */,
				D1089F601D711E85003E9FF2 /* TencentOpenApi_IOS_Bundle.bundle */,
			);
			path = QQSDK;
			sourceTree = "<group>";
		};
		D1089F611D711E85003E9FF2 /* Required */ = {
			isa = PBXGroup;
			children = (
				D1089F621D711E85003E9FF2 /* MOBFoundation.framework */,
				D1089F631D711E85003E9FF2 /* ShareSDK.bundle */,
				D1089F641D711E85003E9FF2 /* ShareSDKConnector.framework */,
			);
			path = Required;
			sourceTree = "<group>";
		};
		D1089F6E1D71421A003E9FF2 /* FTPopOverMenu */ = {
			isa = PBXGroup;
			children = (
				D1089F6F1D71421A003E9FF2 /* FTPopOverMenu.h */,
				D1089F701D71421A003E9FF2 /* FTPopOverMenu.m */,
			);
			path = FTPopOverMenu;
			sourceTree = "<group>";
		};
		D131E2881D6C77BA0044CF09 /* Forget */ = {
			isa = PBXGroup;
			children = (
				D131E2891D6C77DF0044CF09 /* ForgetController.h */,
				D131E28A1D6C77DF0044CF09 /* ForgetController.m */,
			);
			name = Forget;
			path = "New-新帖/Forget";
			sourceTree = "<group>";
		};
		D131E29B1D6D86290044CF09 /* QRcode */ = {
			isa = PBXGroup;
			children = (
				D131E29C1D6D86290044CF09 /* backWhite@2x.png */,
				D131E29D1D6D86290044CF09 /* Default-568h@3x-1.png */,
				D131E29E1D6D86290044CF09 /* instructions.rtf */,
				D131E29F1D6D86290044CF09 /* QRCodeController.h */,
				D131E2A01D6D86290044CF09 /* QRCodeController.m */,
				D131E2A31D6D86290044CF09 /* Scanning frame@2x.png */,
				D131E2A41D6D86290044CF09 /* Scanning line@2x.png */,
				D131E2A51D6D86290044CF09 /* whiteBack@2x.png */,
			);
			path = QRcode;
			sourceTree = "<group>";
		};
		D1616ACD1D7024410073AEF4 /* CoverFlow */ = {
			isa = PBXGroup;
			children = (
				D1616ACE1D70245B0073AEF4 /* YRCoverFlowLayout.h */,
				D1616ACF1D70245B0073AEF4 /* YRCoverFlowLayout.m */,
				D1616AD11D7024690073AEF4 /* PhotoModel.h */,
				D1616AD21D7024690073AEF4 /* PhotoModel.m */,
				D1616AD41D7024740073AEF4 /* CustomCollectionViewCollectionViewCell.h */,
				D1616AD51D7024740073AEF4 /* CustomCollectionViewCollectionViewCell.m */,
			);
			name = CoverFlow;
			path = "../Other-其他/Library/CoverFlow";
			sourceTree = "<group>";
		};
		D17CF0E31D6567E7007C95DD = {
			isa = PBXGroup;
			children = (
				D17CF0EE1D6567E7007C95DD /* herolife */,
				D17CF1081D6567E7007C95DD /* herolifeTests */,
				D17CF1131D6567E7007C95DD /* herolifeUITests */,
				D17CF0ED1D6567E7007C95DD /* Products */,
				FE5412166E47B915E6848B9B /* Pods */,
				EFE49747F7B44972AEF6CB46 /* Frameworks */,
			);
			sourceTree = "<group>";
		};
		D17CF0ED1D6567E7007C95DD /* Products */ = {
			isa = PBXGroup;
			children = (
				D17CF0EC1D6567E7007C95DD /* herolife.app */,
				D17CF1051D6567E7007C95DD /* herolifeTests.xctest */,
				D17CF1101D6567E7007C95DD /* herolifeUITests.xctest */,
			);
			name = Products;
			sourceTree = "<group>";
		};
		D17CF0EE1D6567E7007C95DD /* herolife */ = {
			isa = PBXGroup;
			children = (
				D17CF1641D658AF6007C95DD /* Classes */,
				D17CF0EF1D6567E7007C95DD /* Supporting Files */,
			);
			path = herolife;
			sourceTree = "<group>";
		};
		D17CF0EF1D6567E7007C95DD /* Supporting Files */ = {
			isa = PBXGroup;
			children = (
				D17CF0F81D6567E7007C95DD /* Main.storyboard */,
				D17CF0FD1D6567E7007C95DD /* LaunchScreen.storyboard */,
				D17CF0FB1D6567E7007C95DD /* Assets.xcassets */,
				D17CF1001D6567E7007C95DD /* Info.plist */,
				D17CF2FB1D658F9D007C95DD /* PrefixHeader.pch */,
				D17CF0F01D6567E7007C95DD /* main.m */,
			);
			name = "Supporting Files";
			sourceTree = "<group>";
		};
		D17CF1081D6567E7007C95DD /* herolifeTests */ = {
			isa = PBXGroup;
			children = (
				D17CF1091D6567E7007C95DD /* herolifeTests.m */,
				D17CF10B1D6567E7007C95DD /* Info.plist */,
			);
			path = herolifeTests;
			sourceTree = "<group>";
		};
		D17CF1131D6567E7007C95DD /* herolifeUITests */ = {
			isa = PBXGroup;
			children = (
				D17CF1141D6567E7007C95DD /* herolifeUITests.m */,
				D17CF1161D6567E7007C95DD /* Info.plist */,
			);
			path = herolifeUITests;
			sourceTree = "<group>";
		};
		D17CF1641D658AF6007C95DD /* Classes */ = {
			isa = PBXGroup;
			children = (
				D17CF1C41D658AF6007C95DD /* Other-其他 */,
				D17CF3071D65ABE9007C95DD /* QRcode */,
				D17CF19B1D658AF6007C95DD /* Setting */,
				D17CF1A41D658AF6007C95DD /* DeviceList */,
				D131E2881D6C77BA0044CF09 /* Forget */,
				D17CF1BE1D658AF6007C95DD /* Login */,
				D1D4076C1D66AF94007A9E5E /* register */,
			);
			path = Classes;
			sourceTree = "<group>";
		};
		D17CF19B1D658AF6007C95DD /* Setting */ = {
			isa = PBXGroup;
			children = (
				D17CF19C1D658AF6007C95DD /* Controller */,
				D17CF1A21D658AF6007C95DD /* Model */,
				D17CF1A31D658AF6007C95DD /* View */,
			);
			name = Setting;
			path = "Follow-关注";
			sourceTree = "<group>";
		};
		D17CF19C1D658AF6007C95DD /* Controller */ = {
			isa = PBXGroup;
			children = (
				D17CF3101D65AC7E007C95DD /* SettingController.h */,
				D17CF3111D65AC7E007C95DD /* SettingController.m */,
				D17CF3121D65AC7E007C95DD /* SettingController.xib */,
			);
			path = Controller;
			sourceTree = "<group>";
		};
		D17CF1A21D658AF6007C95DD /* Model */ = {
			isa = PBXGroup;
			children = (
			);
			path = Model;
			sourceTree = "<group>";
		};
		D17CF1A31D658AF6007C95DD /* View */ = {
			isa = PBXGroup;
			children = (
				D11E7BAD1D6E9FDA001C2562 /* SettingCell.h */,
				D11E7BAE1D6E9FDA001C2562 /* SettingCell.m */,
			);
			path = View;
			sourceTree = "<group>";
		};
		D17CF1A41D658AF6007C95DD /* DeviceList */ = {
			isa = PBXGroup;
			children = (
				D1616ACD1D7024410073AEF4 /* CoverFlow */,
				D17CF1A51D658AF6007C95DD /* Controller */,
				D17CF1AD1D658AF6007C95DD /* Model */,
				D17CF1B01D658AF6007C95DD /* View */,
			);
			name = DeviceList;
			path = "Me-我";
			sourceTree = "<group>";
		};
		D17CF1A51D658AF6007C95DD /* Controller */ = {
			isa = PBXGroup;
			children = (
				D17CF30B1D65AC62007C95DD /* DeviceListController.h */,
				D17CF30C1D65AC62007C95DD /* DeviceListController.m */,
			);
			path = Controller;
			sourceTree = "<group>";
		};
		D17CF1AD1D658AF6007C95DD /* Model */ = {
			isa = PBXGroup;
			children = (
			);
			path = Model;
			sourceTree = "<group>";
		};
		D17CF1B01D658AF6007C95DD /* View */ = {
			isa = PBXGroup;
			children = (
				D15FBF7E1D706DCF005BA85D /* DeviceListCell.h */,
				D15FBF7F1D706DCF005BA85D /* DeviceListCell.m */,
			);
			path = View;
			sourceTree = "<group>";
		};
		D17CF1BE1D658AF6007C95DD /* Login */ = {
			isa = PBXGroup;
			children = (
				D17CF1BF1D658AF6007C95DD /* Controller */,
				D17CF1C21D658AF6007C95DD /* Model */,
				D17CF1C31D658AF6007C95DD /* View */,
			);
			name = Login;
			path = "New-新帖";
			sourceTree = "<group>";
		};
		D17CF1BF1D658AF6007C95DD /* Controller */ = {
			isa = PBXGroup;
			children = (
				D17CF2FC1D6594C3007C95DD /* LoginController.h */,
				D17CF2FD1D6594C3007C95DD /* LoginController.m */,
			);
			path = Controller;
			sourceTree = "<group>";
		};
		D17CF1C21D658AF6007C95DD /* Model */ = {
			isa = PBXGroup;
			children = (
			);
			path = Model;
			sourceTree = "<group>";
		};
		D17CF1C31D658AF6007C95DD /* View */ = {
			isa = PBXGroup;
			children = (
			);
			path = View;
			sourceTree = "<group>";
		};
		D17CF1C41D658AF6007C95DD /* Other-其他 */ = {
			isa = PBXGroup;
			children = (
				D17CF0F21D6567E7007C95DD /* AppDelegate.h */,
				D17CF0F31D6567E7007C95DD /* AppDelegate.m */,
				D17CF1D81D658AF6007C95DD /* Controller */,
				D17CF1E31D658AF6007C95DD /* Model */,
				D17CF1E51D658AF6007C95DD /* View */,
				D17CF2AD1D658C4B007C95DD /* Utils */,
				D17CF2371D658C33007C95DD /* Library */,
				D17CF1C71D658AF6007C95DD /* Category */,
			);
			path = "Other-其他";
			sourceTree = "<group>";
		};
		D17CF1C71D658AF6007C95DD /* Category */ = {
			isa = PBXGroup;
			children = (
				D131E28F1D6D4D4A0044CF09 /* AFHTTPSessionManager+Util.h */,
				D131E2901D6D4D4A0044CF09 /* AFHTTPSessionManager+Util.m */,
				D131E2911D6D4D4A0044CF09 /* AFNJSONResponseSerializerWithData.h */,
				D131E2921D6D4D4A0044CF09 /* AFNJSONResponseSerializerWithData.m */,
				D131E28C1D6C7F390044CF09 /* NSObject+Util.h */,
				D131E28D1D6C7F390044CF09 /* NSObject+Util.m */,
				D1D4077D1D66B718007A9E5E /* UIView+HRExtension.h */,
				D1D4077E1D66B718007A9E5E /* UIView+HRExtension.m */,
				D131E2951D6D51F30044CF09 /* NSString+Util.h */,
				D131E2961D6D51F30044CF09 /* NSString+Util.m */,
			);
			path = Category;
			sourceTree = "<group>";
		};
		D17CF1D81D658AF6007C95DD /* Controller */ = {
			isa = PBXGroup;
			children = (
				D1B5C5601D65D799006E9BF2 /* HRTabBarViewController.h */,
				D1B5C5611D65D799006E9BF2 /* HRTabBarViewController.m */,
				D1B5C5631D65D84F006E9BF2 /* HRNavigationViewController.h */,
				D1B5C5641D65D84F006E9BF2 /* HRNavigationViewController.m */,
			);
			path = Controller;
			sourceTree = "<group>";
		};
		D17CF1E31D658AF6007C95DD /* Model */ = {
			isa = PBXGroup;
			children = (
			);
			path = Model;
			sourceTree = "<group>";
		};
		D17CF1E51D658AF6007C95DD /* View */ = {
			isa = PBXGroup;
			children = (
				D1940E401D6C3C4200A262EC /* HRTabBar.h */,
				D1940E411D6C3C4200A262EC /* HRTabBar.m */,
				D131E26A1D6C43E40044CF09 /* HRTabBarButton.h */,
				D131E26B1D6C43E40044CF09 /* HRTabBarButton.m */,
				D131E2851D6C6C460044CF09 /* HRNavigationBar.h */,
				D131E2861D6C6C460044CF09 /* HRNavigationBar.m */,
				D1940DD81D6B00B000A262EC /* InputText.h */,
				D1940DD91D6B00B000A262EC /* InputText.m */,
				D1940DDA1D6B00B000A262EC /* UIView+XD.h */,
				D1940DDB1D6B00B000A262EC /* UIView+XD.m */,
			);
			path = View;
			sourceTree = "<group>";
		};
		D17CF2371D658C33007C95DD /* Library */ = {
			isa = PBXGroup;
			children = (
				D1089F561D711E85003E9FF2 /* ShareSDK  */,
				D131E29B1D6D86290044CF09 /* QRcode */,
				D1940E0E1D6BFAFA00A262EC /* SDWebImage */,
			);
			path = Library;
			sourceTree = "<group>";
		};
		D17CF2AD1D658C4B007C95DD /* Utils */ = {
			isa = PBXGroup;
			children = (
				D1089F6E1D71421A003E9FF2 /* FTPopOverMenu */,
				D1D4077C1D66B6D0007A9E5E /* Tools */,
				D17CF1F01D658AF6007C95DD /* HRConst.h */,
				D17CF1F11D658AF6007C95DD /* HRConst.m */,
			);
			path = Utils;
			sourceTree = "<group>";
		};
		D17CF3071D65ABE9007C95DD /* QRcode */ = {
			isa = PBXGroup;
			children = (
				D17CF3081D65ABE9007C95DD /* Controller */,
				D17CF3091D65ABE9007C95DD /* Model */,
				D17CF30A1D65ABE9007C95DD /* View */,
			);
			name = QRcode;
			path = "Essence-精华";
			sourceTree = "<group>";
		};
		D17CF3081D65ABE9007C95DD /* Controller */ = {
			isa = PBXGroup;
			children = (
				D17CF3151D65ACB9007C95DD /* QRcodeController.h */,
				D17CF3161D65ACB9007C95DD /* QRcodeController.m */,
				D17CF3171D65ACB9007C95DD /* QRcodeController.xib */,
				D131E2AE1D6DD98D0044CF09 /* ManualController.h */,
				D131E2AF1D6DD98D0044CF09 /* ManualController.m */,
				D131E2B01D6DD98D0044CF09 /* ManualController.xib */,
			);
			path = Controller;
			sourceTree = "<group>";
		};
		D17CF3091D65ABE9007C95DD /* Model */ = {
			isa = PBXGroup;
			children = (
			);
			path = Model;
			sourceTree = "<group>";
		};
		D17CF30A1D65ABE9007C95DD /* View */ = {
			isa = PBXGroup;
			children = (
			);
			path = View;
			sourceTree = "<group>";
		};
		D1940E0E1D6BFAFA00A262EC /* SDWebImage */ = {
			isa = PBXGroup;
			children = (
				D1940E0F1D6BFAFA00A262EC /* MKAnnotationView+WebCache.h */,
				D1940E101D6BFAFA00A262EC /* MKAnnotationView+WebCache.m */,
				D1940E111D6BFAFA00A262EC /* NSData+ImageContentType.h */,
				D1940E121D6BFAFA00A262EC /* NSData+ImageContentType.m */,
				D1940E131D6BFAFA00A262EC /* SDImageCache.h */,
				D1940E141D6BFAFA00A262EC /* SDImageCache.m */,
				D1940E151D6BFAFA00A262EC /* SDWebImageCompat.h */,
				D1940E161D6BFAFA00A262EC /* SDWebImageCompat.m */,
				D1940E171D6BFAFA00A262EC /* SDWebImageDecoder.h */,
				D1940E181D6BFAFA00A262EC /* SDWebImageDecoder.m */,
				D1940E191D6BFAFA00A262EC /* SDWebImageDownloader.h */,
				D1940E1A1D6BFAFA00A262EC /* SDWebImageDownloader.m */,
				D1940E1B1D6BFAFA00A262EC /* SDWebImageDownloaderOperation.h */,
				D1940E1C1D6BFAFA00A262EC /* SDWebImageDownloaderOperation.m */,
				D1940E1D1D6BFAFA00A262EC /* SDWebImageManager.h */,
				D1940E1E1D6BFAFA00A262EC /* SDWebImageManager.m */,
				D1940E1F1D6BFAFA00A262EC /* SDWebImageOperation.h */,
				D1940E201D6BFAFA00A262EC /* SDWebImagePrefetcher.h */,
				D1940E211D6BFAFA00A262EC /* SDWebImagePrefetcher.m */,
				D1940E221D6BFAFA00A262EC /* UIButton+WebCache.h */,
				D1940E231D6BFAFA00A262EC /* UIButton+WebCache.m */,
				D1940E241D6BFAFA00A262EC /* UIImage+GIF.h */,
				D1940E251D6BFAFA00A262EC /* UIImage+GIF.m */,
				D1940E261D6BFAFA00A262EC /* UIImage+MultiFormat.h */,
				D1940E271D6BFAFA00A262EC /* UIImage+MultiFormat.m */,
				D1940E281D6BFAFA00A262EC /* UIImage+WebP.h */,
				D1940E291D6BFAFA00A262EC /* UIImage+WebP.m */,
				D1940E2A1D6BFAFA00A262EC /* UIImageView+HighlightedWebCache.h */,
				D1940E2B1D6BFAFA00A262EC /* UIImageView+HighlightedWebCache.m */,
				D1940E2C1D6BFAFA00A262EC /* UIImageView+WebCache.h */,
				D1940E2D1D6BFAFA00A262EC /* UIImageView+WebCache.m */,
				D1940E2E1D6BFAFA00A262EC /* UIView+WebCacheOperation.h */,
				D1940E2F1D6BFAFA00A262EC /* UIView+WebCacheOperation.m */,
			);
			path = SDWebImage;
			sourceTree = "<group>";
		};
		D1D4076C1D66AF94007A9E5E /* register */ = {
			isa = PBXGroup;
			children = (
				D1D4076F1D66AF94007A9E5E /* RegisterViewController.h */,
				D1D407701D66AF94007A9E5E /* RegisterViewController.m */,
			);
			name = register;
			path = ../register;
			sourceTree = "<group>";
		};
		D1D4077C1D66B6D0007A9E5E /* Tools */ = {
			isa = PBXGroup;
			children = (
				D1D407761D66B23F007A9E5E /* SVProgressTool.h */,
				D1D407771D66B23F007A9E5E /* SVProgressTool.m */,
				D131E2981D6D860B0044CF09 /* QRTools.h */,
				D131E2991D6D860B0044CF09 /* QRTools.m */,
			);
			path = Tools;
			sourceTree = "<group>";
		};
		EFE49747F7B44972AEF6CB46 /* Frameworks */ = {
			isa = PBXGroup;
			children = (
				D1940DD61D6AF76400A262EC /* libsqlite3.tbd */,
				D1940DD41D6AF74A00A262EC /* JavaScriptCore.framework */,
				D1940DD21D6AF73C00A262EC /* libstdc++.tbd */,
				D1940DD01D6AF73300A262EC /* libz.tbd */,
				D1940DCE1D6AF72400A262EC /* libicucore.tbd */,
				DC40F28764523F49428DB0CE /* libPods.a */,
			);
			name = Frameworks;
			sourceTree = "<group>";
		};
		FE5412166E47B915E6848B9B /* Pods */ = {
			isa = PBXGroup;
			children = (
				1665122F3D59E8EE8CCA6258 /* Pods.debug.xcconfig */,
				B1A28F2C2DAB37DA40A8D5EB /* Pods.release.xcconfig */,
			);
			name = Pods;
			sourceTree = "<group>";
		};
/* End PBXGroup section */

/* Begin PBXNativeTarget section */
		D17CF0EB1D6567E7007C95DD /* herolife */ = {
			isa = PBXNativeTarget;
			buildConfigurationList = D17CF1191D6567E7007C95DD /* Build configuration list for PBXNativeTarget "herolife" */;
			buildPhases = (
				180419613A743D2521ED7327 /* Check Pods Manifest.lock */,
				D17CF0E81D6567E7007C95DD /* Sources */,
				D17CF0E91D6567E7007C95DD /* Frameworks */,
				D17CF0EA1D6567E7007C95DD /* Resources */,
				DB6CB6AD5D24D135E25968E1 /* Embed Pods Frameworks */,
				E13A6F80FD9BA0AB2A83A2F3 /* Copy Pods Resources */,
			);
			buildRules = (
			);
			dependencies = (
			);
			name = herolife;
			productName = herolife;
			productReference = D17CF0EC1D6567E7007C95DD /* herolife.app */;
			productType = "com.apple.product-type.application";
		};
		D17CF1041D6567E7007C95DD /* herolifeTests */ = {
			isa = PBXNativeTarget;
			buildConfigurationList = D17CF11C1D6567E7007C95DD /* Build configuration list for PBXNativeTarget "herolifeTests" */;
			buildPhases = (
				D17CF1011D6567E7007C95DD /* Sources */,
				D17CF1021D6567E7007C95DD /* Frameworks */,
				D17CF1031D6567E7007C95DD /* Resources */,
			);
			buildRules = (
			);
			dependencies = (
				D17CF1071D6567E7007C95DD /* PBXTargetDependency */,
			);
			name = herolifeTests;
			productName = herolifeTests;
			productReference = D17CF1051D6567E7007C95DD /* herolifeTests.xctest */;
			productType = "com.apple.product-type.bundle.unit-test";
		};
		D17CF10F1D6567E7007C95DD /* herolifeUITests */ = {
			isa = PBXNativeTarget;
			buildConfigurationList = D17CF11F1D6567E7007C95DD /* Build configuration list for PBXNativeTarget "herolifeUITests" */;
			buildPhases = (
				D17CF10C1D6567E7007C95DD /* Sources */,
				D17CF10D1D6567E7007C95DD /* Frameworks */,
				D17CF10E1D6567E7007C95DD /* Resources */,
			);
			buildRules = (
			);
			dependencies = (
				D17CF1121D6567E7007C95DD /* PBXTargetDependency */,
			);
			name = herolifeUITests;
			productName = herolifeUITests;
			productReference = D17CF1101D6567E7007C95DD /* herolifeUITests.xctest */;
			productType = "com.apple.product-type.bundle.ui-testing";
		};
/* End PBXNativeTarget section */

/* Begin PBXProject section */
		D17CF0E41D6567E7007C95DD /* Project object */ = {
			isa = PBXProject;
			attributes = {
				LastUpgradeCheck = 0730;
				ORGANIZATIONNAME = huarui;
				TargetAttributes = {
					D17CF0EB1D6567E7007C95DD = {
						CreatedOnToolsVersion = 7.3;
						DevelopmentTeam = K3Y96N97ET;
					};
					D17CF1041D6567E7007C95DD = {
						CreatedOnToolsVersion = 7.3;
						TestTargetID = D17CF0EB1D6567E7007C95DD;
					};
					D17CF10F1D6567E7007C95DD = {
						CreatedOnToolsVersion = 7.3;
						TestTargetID = D17CF0EB1D6567E7007C95DD;
					};
				};
			};
			buildConfigurationList = D17CF0E71D6567E7007C95DD /* Build configuration list for PBXProject "herolife" */;
			compatibilityVersion = "Xcode 3.2";
			developmentRegion = English;
			hasScannedForEncodings = 0;
			knownRegions = (
				en,
				Base,
			);
			mainGroup = D17CF0E31D6567E7007C95DD;
			productRefGroup = D17CF0ED1D6567E7007C95DD /* Products */;
			projectDirPath = "";
			projectRoot = "";
			targets = (
				D17CF0EB1D6567E7007C95DD /* herolife */,
				D17CF1041D6567E7007C95DD /* herolifeTests */,
				D17CF10F1D6567E7007C95DD /* herolifeUITests */,
			);
		};
/* End PBXProject section */

/* Begin PBXResourcesBuildPhase section */
		D17CF0EA1D6567E7007C95DD /* Resources */ = {
			isa = PBXResourcesBuildPhase;
			buildActionMask = 2147483647;
			files = (
				D17CF0FF1D6567E7007C95DD /* LaunchScreen.storyboard in Resources */,
				D1089F6C1D711E85003E9FF2 /* ShareSDK.bundle in Resources */,
				D131E2AB1D6D86290044CF09 /* Scanning frame@2x.png in Resources */,
				D17CF0FC1D6567E7007C95DD /* Assets.xcassets in Resources */,
				D131E2AC1D6D86290044CF09 /* Scanning line@2x.png in Resources */,
				D1089F6A1D711E85003E9FF2 /* TencentOpenApi_IOS_Bundle.bundle in Resources */,
				D131E2A71D6D86290044CF09 /* Default-568h@3x-1.png in Resources */,
				D131E2B21D6DD98D0044CF09 /* ManualController.xib in Resources */,
				D17CF0FA1D6567E7007C95DD /* Main.storyboard in Resources */,
				D17CF3141D65AC7E007C95DD /* SettingController.xib in Resources */,
				D131E2AD1D6D86290044CF09 /* whiteBack@2x.png in Resources */,
				D131E2A81D6D86290044CF09 /* instructions.rtf in Resources */,
				D17CF3191D65ACB9007C95DD /* QRcodeController.xib in Resources */,
				D1089F671D711E85003E9FF2 /* ShareSDKUI.bundle in Resources */,
				D131E2A61D6D86290044CF09 /* backWhite@2x.png in Resources */,
			);
			runOnlyForDeploymentPostprocessing = 0;
		};
		D17CF1031D6567E7007C95DD /* Resources */ = {
			isa = PBXResourcesBuildPhase;
			buildActionMask = 2147483647;
			files = (
			);
			runOnlyForDeploymentPostprocessing = 0;
		};
		D17CF10E1D6567E7007C95DD /* Resources */ = {
			isa = PBXResourcesBuildPhase;
			buildActionMask = 2147483647;
			files = (
			);
			runOnlyForDeploymentPostprocessing = 0;
		};
/* End PBXResourcesBuildPhase section */

/* Begin PBXShellScriptBuildPhase section */
		180419613A743D2521ED7327 /* Check Pods Manifest.lock */ = {
			isa = PBXShellScriptBuildPhase;
			buildActionMask = 2147483647;
			files = (
			);
			inputPaths = (
			);
			name = "Check Pods Manifest.lock";
			outputPaths = (
			);
			runOnlyForDeploymentPostprocessing = 0;
			shellPath = /bin/sh;
			shellScript = "diff \"${PODS_ROOT}/../Podfile.lock\" \"${PODS_ROOT}/Manifest.lock\" > /dev/null\nif [[ $? != 0 ]] ; then\n    cat << EOM\nerror: The sandbox is not in sync with the Podfile.lock. Run 'pod install' or update your CocoaPods installation.\nEOM\n    exit 1\nfi\n";
			showEnvVarsInLog = 0;
		};
		DB6CB6AD5D24D135E25968E1 /* Embed Pods Frameworks */ = {
			isa = PBXShellScriptBuildPhase;
			buildActionMask = 2147483647;
			files = (
			);
			inputPaths = (
			);
			name = "Embed Pods Frameworks";
			outputPaths = (
			);
			runOnlyForDeploymentPostprocessing = 0;
			shellPath = /bin/sh;
			shellScript = "\"${SRCROOT}/Pods/Target Support Files/Pods/Pods-frameworks.sh\"\n";
			showEnvVarsInLog = 0;
		};
		E13A6F80FD9BA0AB2A83A2F3 /* Copy Pods Resources */ = {
			isa = PBXShellScriptBuildPhase;
			buildActionMask = 2147483647;
			files = (
			);
			inputPaths = (
			);
			name = "Copy Pods Resources";
			outputPaths = (
			);
			runOnlyForDeploymentPostprocessing = 0;
			shellPath = /bin/sh;
			shellScript = "\"${SRCROOT}/Pods/Target Support Files/Pods/Pods-resources.sh\"\n";
			showEnvVarsInLog = 0;
		};
/* End PBXShellScriptBuildPhase section */

/* Begin PBXSourcesBuildPhase section */
		D17CF0E81D6567E7007C95DD /* Sources */ = {
			isa = PBXSourcesBuildPhase;
			buildActionMask = 2147483647;
			files = (
				D131E28E1D6C7F390044CF09 /* NSObject+Util.m in Sources */,
				D1616AD01D70245B0073AEF4 /* YRCoverFlowLayout.m in Sources */,
				D131E2931D6D4D4A0044CF09 /* AFHTTPSessionManager+Util.m in Sources */,
				D15FBF801D706DCF005BA85D /* DeviceListCell.m in Sources */,
				D1940E3B1D6BFAFA00A262EC /* UIImage+MultiFormat.m in Sources */,
				D131E2971D6D51F30044CF09 /* NSString+Util.m in Sources */,
				D1940E3C1D6BFAFA00A262EC /* UIImage+WebP.m in Sources */,
				D1D407741D66AF94007A9E5E /* RegisterViewController.m in Sources */,
				D1089F711D71421A003E9FF2 /* FTPopOverMenu.m in Sources */,
				D1940E371D6BFAFA00A262EC /* SDWebImageManager.m in Sources */,
				D17CF3131D65AC7E007C95DD /* SettingController.m in Sources */,
				D1B5C5651D65D84F006E9BF2 /* HRNavigationViewController.m in Sources */,
				D17CF2341D658AF6007C95DD /* HRConst.m in Sources */,
				D1940E351D6BFAFA00A262EC /* SDWebImageDownloader.m in Sources */,
				D17CF2FF1D6594C3007C95DD /* LoginController.m in Sources */,
				D17CF0F41D6567E7007C95DD /* AppDelegate.m in Sources */,
				D131E2B11D6DD98D0044CF09 /* ManualController.m in Sources */,
				D1616AD61D7024740073AEF4 /* CustomCollectionViewCollectionViewCell.m in Sources */,
				D131E29A1D6D860B0044CF09 /* QRTools.m in Sources */,
				D17CF0F11D6567E7007C95DD /* main.m in Sources */,
				D1940DDD1D6B00B000A262EC /* UIView+XD.m in Sources */,
				D1616AD31D7024690073AEF4 /* PhotoModel.m in Sources */,
				D1940E301D6BFAFA00A262EC /* MKAnnotationView+WebCache.m in Sources */,
				D131E26C1D6C43E40044CF09 /* HRTabBarButton.m in Sources */,
				D1D4077F1D66B718007A9E5E /* UIView+HRExtension.m in Sources */,
				D1940E311D6BFAFA00A262EC /* NSData+ImageContentType.m in Sources */,
				D1940E3A1D6BFAFA00A262EC /* UIImage+GIF.m in Sources */,
				D1940E391D6BFAFA00A262EC /* UIButton+WebCache.m in Sources */,
				D17CF3181D65ACB9007C95DD /* QRcodeController.m in Sources */,
				D131E2871D6C6C460044CF09 /* HRNavigationBar.m in Sources */,
				D1940E381D6BFAFA00A262EC /* SDWebImagePrefetcher.m in Sources */,
				D1940E341D6BFAFA00A262EC /* SDWebImageDecoder.m in Sources */,
				D131E28B1D6C77DF0044CF09 /* ForgetController.m in Sources */,
				D1940E421D6C3C4200A262EC /* HRTabBar.m in Sources */,
				D1940E321D6BFAFA00A262EC /* SDImageCache.m in Sources */,
				D1940E331D6BFAFA00A262EC /* SDWebImageCompat.m in Sources */,
				D1940E3F1D6BFAFA00A262EC /* UIView+WebCacheOperation.m in Sources */,
				D131E2A91D6D86290044CF09 /* QRCodeController.m in Sources */,
				D1940DDC1D6B00B000A262EC /* InputText.m in Sources */,
				D131E2941D6D4D4A0044CF09 /* AFNJSONResponseSerializerWithData.m in Sources */,
				D1B5C5621D65D799006E9BF2 /* HRTabBarViewController.m in Sources */,
				D1940E361D6BFAFA00A262EC /* SDWebImageDownloaderOperation.m in Sources */,
				D1D407781D66B23F007A9E5E /* SVProgressTool.m in Sources */,
				D11E7BAF1D6E9FDA001C2562 /* SettingCell.m in Sources */,
				D1940E3E1D6BFAFA00A262EC /* UIImageView+WebCache.m in Sources */,
				D1940E3D1D6BFAFA00A262EC /* UIImageView+HighlightedWebCache.m in Sources */,
				D17CF30E1D65AC62007C95DD /* DeviceListController.m in Sources */,
			);
			runOnlyForDeploymentPostprocessing = 0;
		};
		D17CF1011D6567E7007C95DD /* Sources */ = {
			isa = PBXSourcesBuildPhase;
			buildActionMask = 2147483647;
			files = (
				D17CF10A1D6567E7007C95DD /* herolifeTests.m in Sources */,
			);
			runOnlyForDeploymentPostprocessing = 0;
		};
		D17CF10C1D6567E7007C95DD /* Sources */ = {
			isa = PBXSourcesBuildPhase;
			buildActionMask = 2147483647;
			files = (
				D17CF1151D6567E7007C95DD /* herolifeUITests.m in Sources */,
			);
			runOnlyForDeploymentPostprocessing = 0;
		};
/* End PBXSourcesBuildPhase section */

/* Begin PBXTargetDependency section */
		D17CF1071D6567E7007C95DD /* PBXTargetDependency */ = {
			isa = PBXTargetDependency;
			target = D17CF0EB1D6567E7007C95DD /* herolife */;
			targetProxy = D17CF1061D6567E7007C95DD /* PBXContainerItemProxy */;
		};
		D17CF1121D6567E7007C95DD /* PBXTargetDependency */ = {
			isa = PBXTargetDependency;
			target = D17CF0EB1D6567E7007C95DD /* herolife */;
			targetProxy = D17CF1111D6567E7007C95DD /* PBXContainerItemProxy */;
		};
/* End PBXTargetDependency section */

/* Begin PBXVariantGroup section */
		D17CF0F81D6567E7007C95DD /* Main.storyboard */ = {
			isa = PBXVariantGroup;
			children = (
				D17CF0F91D6567E7007C95DD /* Base */,
			);
			name = Main.storyboard;
			sourceTree = "<group>";
		};
		D17CF0FD1D6567E7007C95DD /* LaunchScreen.storyboard */ = {
			isa = PBXVariantGroup;
			children = (
				D17CF0FE1D6567E7007C95DD /* Base */,
			);
			name = LaunchScreen.storyboard;
			sourceTree = "<group>";
		};
/* End PBXVariantGroup section */

/* Begin XCBuildConfiguration section */
		D17CF1171D6567E7007C95DD /* Debug */ = {
			isa = XCBuildConfiguration;
			buildSettings = {
				ALWAYS_SEARCH_USER_PATHS = NO;
				CLANG_ANALYZER_NONNULL = YES;
				CLANG_CXX_LANGUAGE_STANDARD = "gnu++0x";
				CLANG_CXX_LIBRARY = "libc++";
				CLANG_ENABLE_MODULES = YES;
				CLANG_ENABLE_OBJC_ARC = YES;
				CLANG_WARN_BOOL_CONVERSION = YES;
				CLANG_WARN_CONSTANT_CONVERSION = YES;
				CLANG_WARN_DIRECT_OBJC_ISA_USAGE = YES_ERROR;
				CLANG_WARN_EMPTY_BODY = YES;
				CLANG_WARN_ENUM_CONVERSION = YES;
				CLANG_WARN_INT_CONVERSION = YES;
				CLANG_WARN_OBJC_ROOT_CLASS = YES_ERROR;
				CLANG_WARN_UNREACHABLE_CODE = YES;
				CLANG_WARN__DUPLICATE_METHOD_MATCH = YES;
				"CODE_SIGN_IDENTITY[sdk=iphoneos*]" = "iPhone Developer";
				COPY_PHASE_STRIP = NO;
				DEBUG_INFORMATION_FORMAT = dwarf;
				ENABLE_STRICT_OBJC_MSGSEND = YES;
				ENABLE_TESTABILITY = YES;
				GCC_C_LANGUAGE_STANDARD = gnu99;
				GCC_DYNAMIC_NO_PIC = NO;
				GCC_NO_COMMON_BLOCKS = YES;
				GCC_OPTIMIZATION_LEVEL = 0;
				GCC_PREPROCESSOR_DEFINITIONS = (
					"DEBUG=1",
					"$(inherited)",
				);
				GCC_WARN_64_TO_32_BIT_CONVERSION = YES;
				GCC_WARN_ABOUT_RETURN_TYPE = YES_ERROR;
				GCC_WARN_UNDECLARED_SELECTOR = YES;
				GCC_WARN_UNINITIALIZED_AUTOS = YES_AGGRESSIVE;
				GCC_WARN_UNUSED_FUNCTION = YES;
				GCC_WARN_UNUSED_VARIABLE = YES;
				IPHONEOS_DEPLOYMENT_TARGET = 7.0;
				MTL_ENABLE_DEBUG_INFO = YES;
				ONLY_ACTIVE_ARCH = YES;
				SDKROOT = iphoneos;
				TARGETED_DEVICE_FAMILY = "1,2";
			};
			name = Debug;
		};
		D17CF1181D6567E7007C95DD /* Release */ = {
			isa = XCBuildConfiguration;
			buildSettings = {
				ALWAYS_SEARCH_USER_PATHS = NO;
				CLANG_ANALYZER_NONNULL = YES;
				CLANG_CXX_LANGUAGE_STANDARD = "gnu++0x";
				CLANG_CXX_LIBRARY = "libc++";
				CLANG_ENABLE_MODULES = YES;
				CLANG_ENABLE_OBJC_ARC = YES;
				CLANG_WARN_BOOL_CONVERSION = YES;
				CLANG_WARN_CONSTANT_CONVERSION = YES;
				CLANG_WARN_DIRECT_OBJC_ISA_USAGE = YES_ERROR;
				CLANG_WARN_EMPTY_BODY = YES;
				CLANG_WARN_ENUM_CONVERSION = YES;
				CLANG_WARN_INT_CONVERSION = YES;
				CLANG_WARN_OBJC_ROOT_CLASS = YES_ERROR;
				CLANG_WARN_UNREACHABLE_CODE = YES;
				CLANG_WARN__DUPLICATE_METHOD_MATCH = YES;
				"CODE_SIGN_IDENTITY[sdk=iphoneos*]" = "iPhone Developer";
				COPY_PHASE_STRIP = NO;
				DEBUG_INFORMATION_FORMAT = "dwarf-with-dsym";
				ENABLE_NS_ASSERTIONS = NO;
				ENABLE_STRICT_OBJC_MSGSEND = YES;
				GCC_C_LANGUAGE_STANDARD = gnu99;
				GCC_NO_COMMON_BLOCKS = YES;
				GCC_WARN_64_TO_32_BIT_CONVERSION = YES;
				GCC_WARN_ABOUT_RETURN_TYPE = YES_ERROR;
				GCC_WARN_UNDECLARED_SELECTOR = YES;
				GCC_WARN_UNINITIALIZED_AUTOS = YES_AGGRESSIVE;
				GCC_WARN_UNUSED_FUNCTION = YES;
				GCC_WARN_UNUSED_VARIABLE = YES;
				IPHONEOS_DEPLOYMENT_TARGET = 7.0;
				MTL_ENABLE_DEBUG_INFO = NO;
				SDKROOT = iphoneos;
				TARGETED_DEVICE_FAMILY = "1,2";
				VALIDATE_PRODUCT = YES;
			};
			name = Release;
		};
		D17CF11A1D6567E7007C95DD /* Debug */ = {
			isa = XCBuildConfiguration;
			baseConfigurationReference = 1665122F3D59E8EE8CCA6258 /* Pods.debug.xcconfig */;
			buildSettings = {
				ASSETCATALOG_COMPILER_APPICON_NAME = AppIcon;
				ASSETCATALOG_COMPILER_LAUNCHIMAGE_NAME = "Brand Assets";
				CODE_SIGN_IDENTITY = "iPhone Developer";
				FRAMEWORK_SEARCH_PATHS = (
					"$(inherited)",
					"$(PROJECT_DIR)/herolife/Classes/Other-其他/Library/Umeng",
					"$(PROJECT_DIR)/herolife/Classes/Other-其他/Library/ShareSDK/Support/PlatformSDK/QQSDK",
					"$(PROJECT_DIR)/herolife/Classes/Other-其他/Library/ShareSDK",
					"$(PROJECT_DIR)/herolife/Classes/Other-其他/Library/ShareSDK",
					/Support/Optional,
					"$(PROJECT_DIR)/herolife/Classes/Other-其他/Library/ShareSDK",
					/Support/PlatformSDK/QQSDK,
					"$(PROJECT_DIR)/herolife/Classes/Other-其他/Library/ShareSDK",
					/Support/Required,
					"$(PROJECT_DIR)/herolife/Classes/Other-其他/Library/ShareSDK",
					"$(PROJECT_DIR)/herolife/Classes/Other-其他/Library/ShareSDK",
					/Support/Optional,
					"$(PROJECT_DIR)/herolife/Classes/Other-其他/Library/ShareSDK",
					/Support/PlatformSDK/QQSDK,
					"$(PROJECT_DIR)/herolife/Classes/Other-其他/Library/ShareSDK",
					/Support/Required,
					"$(PROJECT_DIR)/herolife/Classes/Other-其他/Library/ShareSDK",
					"$(PROJECT_DIR)/herolife/Classes/Other-其他/Library/ShareSDK",
					/Support/Optional,
					"$(PROJECT_DIR)/herolife/Classes/Other-其他/Library/ShareSDK",
					/Support/PlatformSDK/QQSDK,
					"$(PROJECT_DIR)/herolife/Classes/Other-其他/Library/ShareSDK",
					/Support/Required,
					"$(PROJECT_DIR)/herolife/Classes/Other-其他/Library/ShareSDK",
					"$(PROJECT_DIR)/herolife/Classes/Other-其他/Library/ShareSDK",
					/Support/Optional,
					"$(PROJECT_DIR)/herolife/Classes/Other-其他/Library/ShareSDK",
					/Support/PlatformSDK/QQSDK,
					"$(PROJECT_DIR)/herolife/Classes/Other-其他/Library/ShareSDK",
					/Support/Required,
					"$(PROJECT_DIR)/herolife/Classes/Other-其他/Library/ShareSDK",
					"$(PROJECT_DIR)/herolife/Classes/Other-其他/Library/ShareSDK",
					/Support/Optional,
					"$(PROJECT_DIR)/herolife/Classes/Other-其他/Library/ShareSDK",
					/Support/PlatformSDK/QQSDK,
					"$(PROJECT_DIR)/herolife/Classes/Other-其他/Library/ShareSDK",
					/Support/Required,
					"$(PROJECT_DIR)/herolife/Classes/Other-其他/Library/ShareSDK",
					"$(PROJECT_DIR)/herolife/Classes/Other-其他/Library/ShareSDK",
					/Support/Optional,
					"$(PROJECT_DIR)/herolife/Classes/Other-其他/Library/ShareSDK",
					/Support/PlatformSDK/QQSDK,
					"$(PROJECT_DIR)/herolife/Classes/Other-其他/Library/ShareSDK",
					/Support/Required,
					"$(PROJECT_DIR)/herolife/Classes/Other-其他/Library/ShareSDK",
					"$(PROJECT_DIR)/herolife/Classes/Other-其他/Library/ShareSDK",
					/Support/Optional,
					"$(PROJECT_DIR)/herolife/Classes/Other-其他/Library/ShareSDK",
					/Support/PlatformSDK/QQSDK,
					"$(PROJECT_DIR)/herolife/Classes/Other-其他/Library/ShareSDK",
					/Support/Required,
					"$(PROJECT_DIR)/herolife/Classes/Other-其他/Library/ShareSDK",
					"$(PROJECT_DIR)/herolife/Classes/Other-其他/Library/ShareSDK",
					/Support/Optional,
					"$(PROJECT_DIR)/herolife/Classes/Other-其他/Library/ShareSDK",
					/Support/PlatformSDK/QQSDK,
					"$(PROJECT_DIR)/herolife/Classes/Other-其他/Library/ShareSDK",
					/Support/Required,
					"$(PROJECT_DIR)/herolife/Classes/Other-其他/Library/ShareSDK",
					"$(PROJECT_DIR)/herolife/Classes/Other-其他/Library/ShareSDK",
					/Support/Optional,
					"$(PROJECT_DIR)/herolife/Classes/Other-其他/Library/ShareSDK",
					/Support/PlatformSDK/QQSDK,
					"$(PROJECT_DIR)/herolife/Classes/Other-其他/Library/ShareSDK",
					/Support/Required,
				);
				GCC_PRECOMPILE_PREFIX_HEADER = YES;
				GCC_PREFIX_HEADER = "$(SRCROOT)/herolife/PrefixHeader.pch";
				INFOPLIST_FILE = herolife/Info.plist;
				LD_RUNPATH_SEARCH_PATHS = "$(inherited) @executable_path/Frameworks";
				LIBRARY_SEARCH_PATHS = (
					"$(inherited)",
					"$(PROJECT_DIR)/herolife/Classes/Other-其他/Library/Umeng",
				);
				PRODUCT_BUNDLE_IDENTIFIER = com.huarui.herolife;
				PRODUCT_NAME = "$(TARGET_NAME)";
			};
			name = Debug;
		};
		D17CF11B1D6567E7007C95DD /* Release */ = {
			isa = XCBuildConfiguration;
			baseConfigurationReference = B1A28F2C2DAB37DA40A8D5EB /* Pods.release.xcconfig */;
			buildSettings = {
				ASSETCATALOG_COMPILER_APPICON_NAME = AppIcon;
				ASSETCATALOG_COMPILER_LAUNCHIMAGE_NAME = "Brand Assets";
				CODE_SIGN_IDENTITY = "iPhone Developer";
				FRAMEWORK_SEARCH_PATHS = (
					"$(inherited)",
					"$(PROJECT_DIR)/herolife/Classes/Other-其他/Library/Umeng",
					"$(PROJECT_DIR)/herolife/Classes/Other-其他/Library/ShareSDK/Support/PlatformSDK/QQSDK",
					"$(PROJECT_DIR)/herolife/Classes/Other-其他/Library/ShareSDK",
					"$(PROJECT_DIR)/herolife/Classes/Other-其他/Library/ShareSDK",
					/Support/Optional,
					"$(PROJECT_DIR)/herolife/Classes/Other-其他/Library/ShareSDK",
					/Support/PlatformSDK/QQSDK,
					"$(PROJECT_DIR)/herolife/Classes/Other-其他/Library/ShareSDK",
					/Support/Required,
					"$(PROJECT_DIR)/herolife/Classes/Other-其他/Library/ShareSDK",
					"$(PROJECT_DIR)/herolife/Classes/Other-其他/Library/ShareSDK",
					/Support/Optional,
					"$(PROJECT_DIR)/herolife/Classes/Other-其他/Library/ShareSDK",
					/Support/PlatformSDK/QQSDK,
					"$(PROJECT_DIR)/herolife/Classes/Other-其他/Library/ShareSDK",
					/Support/Required,
					"$(PROJECT_DIR)/herolife/Classes/Other-其他/Library/ShareSDK",
					"$(PROJECT_DIR)/herolife/Classes/Other-其他/Library/ShareSDK",
					/Support/Optional,
					"$(PROJECT_DIR)/herolife/Classes/Other-其他/Library/ShareSDK",
					/Support/PlatformSDK/QQSDK,
					"$(PROJECT_DIR)/herolife/Classes/Other-其他/Library/ShareSDK",
					/Support/Required,
					"$(PROJECT_DIR)/herolife/Classes/Other-其他/Library/ShareSDK",
					"$(PROJECT_DIR)/herolife/Classes/Other-其他/Library/ShareSDK",
					/Support/Optional,
					"$(PROJECT_DIR)/herolife/Classes/Other-其他/Library/ShareSDK",
					/Support/PlatformSDK/QQSDK,
					"$(PROJECT_DIR)/herolife/Classes/Other-其他/Library/ShareSDK",
					/Support/Required,
					"$(PROJECT_DIR)/herolife/Classes/Other-其他/Library/ShareSDK",
					"$(PROJECT_DIR)/herolife/Classes/Other-其他/Library/ShareSDK",
					/Support/Optional,
					"$(PROJECT_DIR)/herolife/Classes/Other-其他/Library/ShareSDK",
					/Support/PlatformSDK/QQSDK,
					"$(PROJECT_DIR)/herolife/Classes/Other-其他/Library/ShareSDK",
					/Support/Required,
					"$(PROJECT_DIR)/herolife/Classes/Other-其他/Library/ShareSDK",
					"$(PROJECT_DIR)/herolife/Classes/Other-其他/Library/ShareSDK",
					/Support/Optional,
					"$(PROJECT_DIR)/herolife/Classes/Other-其他/Library/ShareSDK",
					/Support/PlatformSDK/QQSDK,
					"$(PROJECT_DIR)/herolife/Classes/Other-其他/Library/ShareSDK",
					/Support/Required,
					"$(PROJECT_DIR)/herolife/Classes/Other-其他/Library/ShareSDK",
					"$(PROJECT_DIR)/herolife/Classes/Other-其他/Library/ShareSDK",
					/Support/Optional,
					"$(PROJECT_DIR)/herolife/Classes/Other-其他/Library/ShareSDK",
					/Support/PlatformSDK/QQSDK,
					"$(PROJECT_DIR)/herolife/Classes/Other-其他/Library/ShareSDK",
					/Support/Required,
					"$(PROJECT_DIR)/herolife/Classes/Other-其他/Library/ShareSDK",
					"$(PROJECT_DIR)/herolife/Classes/Other-其他/Library/ShareSDK",
					/Support/Optional,
					"$(PROJECT_DIR)/herolife/Classes/Other-其他/Library/ShareSDK",
					/Support/PlatformSDK/QQSDK,
					"$(PROJECT_DIR)/herolife/Classes/Other-其他/Library/ShareSDK",
					/Support/Required,
					"$(PROJECT_DIR)/herolife/Classes/Other-其他/Library/ShareSDK",
					"$(PROJECT_DIR)/herolife/Classes/Other-其他/Library/ShareSDK",
					/Support/Optional,
					"$(PROJECT_DIR)/herolife/Classes/Other-其他/Library/ShareSDK",
					/Support/PlatformSDK/QQSDK,
					"$(PROJECT_DIR)/herolife/Classes/Other-其他/Library/ShareSDK",
					/Support/Required,
				);
				GCC_PRECOMPILE_PREFIX_HEADER = YES;
				GCC_PREFIX_HEADER = "$(SRCROOT)/herolife/PrefixHeader.pch";
				INFOPLIST_FILE = herolife/Info.plist;
				LD_RUNPATH_SEARCH_PATHS = "$(inherited) @executable_path/Frameworks";
				LIBRARY_SEARCH_PATHS = (
					"$(inherited)",
					"$(PROJECT_DIR)/herolife/Classes/Other-其他/Library/Umeng",
				);
				PRODUCT_BUNDLE_IDENTIFIER = com.huarui.herolife;
				PRODUCT_NAME = "$(TARGET_NAME)";
			};
			name = Release;
		};
		D17CF11D1D6567E7007C95DD /* Debug */ = {
			isa = XCBuildConfiguration;
			buildSettings = {
				BUNDLE_LOADER = "$(TEST_HOST)";
				INFOPLIST_FILE = herolifeTests/Info.plist;
				LD_RUNPATH_SEARCH_PATHS = "$(inherited) @executable_path/Frameworks @loader_path/Frameworks";
				PRODUCT_BUNDLE_IDENTIFIER = com.huarui.herolifeTests;
				PRODUCT_NAME = "$(TARGET_NAME)";
				TEST_HOST = "$(BUILT_PRODUCTS_DIR)/herolife.app/herolife";
			};
			name = Debug;
		};
		D17CF11E1D6567E7007C95DD /* Release */ = {
			isa = XCBuildConfiguration;
			buildSettings = {
				BUNDLE_LOADER = "$(TEST_HOST)";
				INFOPLIST_FILE = herolifeTests/Info.plist;
				LD_RUNPATH_SEARCH_PATHS = "$(inherited) @executable_path/Frameworks @loader_path/Frameworks";
				PRODUCT_BUNDLE_IDENTIFIER = com.huarui.herolifeTests;
				PRODUCT_NAME = "$(TARGET_NAME)";
				TEST_HOST = "$(BUILT_PRODUCTS_DIR)/herolife.app/herolife";
			};
			name = Release;
		};
		D17CF1201D6567E7007C95DD /* Debug */ = {
			isa = XCBuildConfiguration;
			buildSettings = {
				INFOPLIST_FILE = herolifeUITests/Info.plist;
				LD_RUNPATH_SEARCH_PATHS = "$(inherited) @executable_path/Frameworks @loader_path/Frameworks";
				PRODUCT_BUNDLE_IDENTIFIER = com.huarui.herolifeUITests;
				PRODUCT_NAME = "$(TARGET_NAME)";
				TEST_TARGET_NAME = herolife;
			};
			name = Debug;
		};
		D17CF1211D6567E7007C95DD /* Release */ = {
			isa = XCBuildConfiguration;
			buildSettings = {
				INFOPLIST_FILE = herolifeUITests/Info.plist;
				LD_RUNPATH_SEARCH_PATHS = "$(inherited) @executable_path/Frameworks @loader_path/Frameworks";
				PRODUCT_BUNDLE_IDENTIFIER = com.huarui.herolifeUITests;
				PRODUCT_NAME = "$(TARGET_NAME)";
				TEST_TARGET_NAME = herolife;
			};
			name = Release;
		};
/* End XCBuildConfiguration section */

/* Begin XCConfigurationList section */
		D17CF0E71D6567E7007C95DD /* Build configuration list for PBXProject "herolife" */ = {
			isa = XCConfigurationList;
			buildConfigurations = (
				D17CF1171D6567E7007C95DD /* Debug */,
				D17CF1181D6567E7007C95DD /* Release */,
			);
			defaultConfigurationIsVisible = 0;
			defaultConfigurationName = Release;
		};
		D17CF1191D6567E7007C95DD /* Build configuration list for PBXNativeTarget "herolife" */ = {
			isa = XCConfigurationList;
			buildConfigurations = (
				D17CF11A1D6567E7007C95DD /* Debug */,
				D17CF11B1D6567E7007C95DD /* Release */,
			);
			defaultConfigurationIsVisible = 0;
			defaultConfigurationName = Release;
		};
		D17CF11C1D6567E7007C95DD /* Build configuration list for PBXNativeTarget "herolifeTests" */ = {
			isa = XCConfigurationList;
			buildConfigurations = (
				D17CF11D1D6567E7007C95DD /* Debug */,
				D17CF11E1D6567E7007C95DD /* Release */,
			);
			defaultConfigurationIsVisible = 0;
			defaultConfigurationName = Release;
		};
		D17CF11F1D6567E7007C95DD /* Build configuration list for PBXNativeTarget "herolifeUITests" */ = {
			isa = XCConfigurationList;
			buildConfigurations = (
				D17CF1201D6567E7007C95DD /* Debug */,
				D17CF1211D6567E7007C95DD /* Release */,
			);
			defaultConfigurationIsVisible = 0;
			defaultConfigurationName = Release;
		};
/* End XCConfigurationList section */
	};
	rootObject = D17CF0E41D6567E7007C95DD /* Project object */;
}
